// !$*UTF8*$!
{
	archiveVersion = 1;
	classes = {
	};
	objectVersion = 55;
	objects = {

/* Begin PBXBuildFile section */
		57DE16D427AE485C006C44DB /* Codex_BettingApp.swift in Sources */ = {isa = PBXBuildFile; fileRef = 57DE16D327AE485C006C44DB /* Codex_BettingApp.swift */; };
		57DE16D627AE485C006C44DB /* ContentView.swift in Sources */ = {isa = PBXBuildFile; fileRef = 57DE16D527AE485C006C44DB /* ContentView.swift */; };
		57DE16D827AE485C006C44DB /* Assets.xcassets in Resources */ = {isa = PBXBuildFile; fileRef = 57DE16D727AE485C006C44DB /* Assets.xcassets */; };
		57DE16DB27AE485C006C44DB /* Preview Assets.xcassets in Resources */ = {isa = PBXBuildFile; fileRef = 57DE16DA27AE485C006C44DB /* Preview Assets.xcassets */; };
		57DE16E527AE485C006C44DB /* Codex_BettingTests.swift in Sources */ = {isa = PBXBuildFile; fileRef = 57DE16E427AE485C006C44DB /* Codex_BettingTests.swift */; };
		57DE16EF27AE485C006C44DB /* Codex_BettingUITests.swift in Sources */ = {isa = PBXBuildFile; fileRef = 57DE16EE27AE485C006C44DB /* Codex_BettingUITests.swift */; };
		57DE16F127AE485C006C44DB /* Codex_BettingUITestsLaunchTests.swift in Sources */ = {isa = PBXBuildFile; fileRef = 57DE16F027AE485C006C44DB /* Codex_BettingUITestsLaunchTests.swift */; };
/* End PBXBuildFile section */

/* Begin PBXContainerItemProxy section */
		57DE16E127AE485C006C44DB /* PBXContainerItemProxy */ = {
			isa = PBXContainerItemProxy;
			containerPortal = 57DE16C827AE485C006C44DB /* Project object */;
			proxyType = 1;
			remoteGlobalIDString = 57DE16CF27AE485C006C44DB;
			remoteInfo = "Codex-Betting";
		};
		57DE16EB27AE485C006C44DB /* PBXContainerItemProxy */ = {
			isa = PBXContainerItemProxy;
			containerPortal = 57DE16C827AE485C006C44DB /* Project object */;
			proxyType = 1;
			remoteGlobalIDString = 57DE16CF27AE485C006C44DB;
			remoteInfo = "Codex-Betting";
		};
/* End PBXContainerItemProxy section */

/* Begin PBXFileReference section */
		57DE16D027AE485C006C44DB /* Codex-Betting.app */ = {isa = PBXFileReference; explicitFileType = wrapper.application; includeInIndex = 0; path = "Codex-Betting.app"; sourceTree = BUILT_PRODUCTS_DIR; };
		57DE16D327AE485C006C44DB /* Codex_BettingApp.swift */ = {isa = PBXFileReference; lastKnownFileType = sourcecode.swift; path = Codex_BettingApp.swift; sourceTree = "<group>"; };
		57DE16D527AE485C006C44DB /* ContentView.swift */ = {isa = PBXFileReference; lastKnownFileType = sourcecode.swift; path = ContentView.swift; sourceTree = "<group>"; };
		57DE16D727AE485C006C44DB /* Assets.xcassets */ = {isa = PBXFileReference; lastKnownFileType = folder.assetcatalog; path = Assets.xcassets; sourceTree = "<group>"; };
		57DE16DA27AE485C006C44DB /* Preview Assets.xcassets */ = {isa = PBXFileReference; lastKnownFileType = folder.assetcatalog; path = "Preview Assets.xcassets"; sourceTree = "<group>"; };
		57DE16E027AE485C006C44DB /* Codex-BettingTests.xctest */ = {isa = PBXFileReference; explicitFileType = wrapper.cfbundle; includeInIndex = 0; path = "Codex-BettingTests.xctest"; sourceTree = BUILT_PRODUCTS_DIR; };
		57DE16E427AE485C006C44DB /* Codex_BettingTests.swift */ = {isa = PBXFileReference; lastKnownFileType = sourcecode.swift; path = Codex_BettingTests.swift; sourceTree = "<group>"; };
		57DE16EA27AE485C006C44DB /* Codex-BettingUITests.xctest */ = {isa = PBXFileReference; explicitFileType = wrapper.cfbundle; includeInIndex = 0; path = "Codex-BettingUITests.xctest"; sourceTree = BUILT_PRODUCTS_DIR; };
		57DE16EE27AE485C006C44DB /* Codex_BettingUITests.swift */ = {isa = PBXFileReference; lastKnownFileType = sourcecode.swift; path = Codex_BettingUITests.swift; sourceTree = "<group>"; };
		57DE16F027AE485C006C44DB /* Codex_BettingUITestsLaunchTests.swift */ = {isa = PBXFileReference; lastKnownFileType = sourcecode.swift; path = Codex_BettingUITestsLaunchTests.swift; sourceTree = "<group>"; };
/* End PBXFileReference section */

/* Begin PBXFrameworksBuildPhase section */
		57DE16CD27AE485C006C44DB /* Frameworks */ = {
			isa = PBXFrameworksBuildPhase;
			buildActionMask = 2147483647;
			files = (
			);
			runOnlyForDeploymentPostprocessing = 0;
		};
		57DE16DD27AE485C006C44DB /* Frameworks */ = {
			isa = PBXFrameworksBuildPhase;
			buildActionMask = 2147483647;
			files = (
			);
			runOnlyForDeploymentPostprocessing = 0;
		};
		57DE16E727AE485C006C44DB /* Frameworks */ = {
			isa = PBXFrameworksBuildPhase;
			buildActionMask = 2147483647;
			files = (
			);
			runOnlyForDeploymentPostprocessing = 0;
		};
/* End PBXFrameworksBuildPhase section */

/* Begin PBXGroup section */
		57DE16C727AE485C006C44DB = {
			isa = PBXGroup;
			children = (
				57DE16D227AE485C006C44DB /* Codex-Betting */,
				57DE16E327AE485C006C44DB /* Codex-BettingTests */,
				57DE16ED27AE485C006C44DB /* Codex-BettingUITests */,
				57DE16D127AE485C006C44DB /* Products */,
			);
			sourceTree = "<group>";
		};
		57DE16D127AE485C006C44DB /* Products */ = {
			isa = PBXGroup;
			children = (
				57DE16D027AE485C006C44DB /* Codex-Betting.app */,
				57DE16E027AE485C006C44DB /* Codex-BettingTests.xctest */,
				57DE16EA27AE485C006C44DB /* Codex-BettingUITests.xctest */,
			);
			name = Products;
			sourceTree = "<group>";
		};
		57DE16D227AE485C006C44DB /* Codex-Betting */ = {
			isa = PBXGroup;
			children = (
				57DE16D327AE485C006C44DB /* Codex_BettingApp.swift */,
				57DE16D527AE485C006C44DB /* ContentView.swift */,
				57DE16D727AE485C006C44DB /* Assets.xcassets */,
				57DE16D927AE485C006C44DB /* Preview Content */,
			);
			path = "Codex-Betting";
			sourceTree = "<group>";
		};
		57DE16D927AE485C006C44DB /* Preview Content */ = {
			isa = PBXGroup;
			children = (
				57DE16DA27AE485C006C44DB /* Preview Assets.xcassets */,
			);
			path = "Preview Content";
			sourceTree = "<group>";
		};
		57DE16E327AE485C006C44DB /* Codex-BettingTests */ = {
			isa = PBXGroup;
			children = (
				57DE16E427AE485C006C44DB /* Codex_BettingTests.swift */,
			);
			path = "Codex-BettingTests";
			sourceTree = "<group>";
		};
		57DE16ED27AE485C006C44DB /* Codex-BettingUITests */ = {
			isa = PBXGroup;
			children = (
				57DE16EE27AE485C006C44DB /* Codex_BettingUITests.swift */,
				57DE16F027AE485C006C44DB /* Codex_BettingUITestsLaunchTests.swift */,
			);
			path = "Codex-BettingUITests";
			sourceTree = "<group>";
		};
/* End PBXGroup section */

/* Begin PBXNativeTarget section */
		57DE16CF27AE485C006C44DB /* Codex-Betting */ = {
			isa = PBXNativeTarget;
			buildConfigurationList = 57DE16F427AE485C006C44DB /* Build configuration list for PBXNativeTarget "Codex-Betting" */;
			buildPhases = (
				57DE16CC27AE485C006C44DB /* Sources */,
				57DE16CD27AE485C006C44DB /* Frameworks */,
				57DE16CE27AE485C006C44DB /* Resources */,
			);
			buildRules = (
			);
			dependencies = (
			);
			name = "Codex-Betting";
			productName = "Codex-Betting";
			productReference = 57DE16D027AE485C006C44DB /* Codex-Betting.app */;
			productType = "com.apple.product-type.application";
		};
		57DE16DF27AE485C006C44DB /* Codex-BettingTests */ = {
			isa = PBXNativeTarget;
			buildConfigurationList = 57DE16F727AE485C006C44DB /* Build configuration list for PBXNativeTarget "Codex-BettingTests" */;
			buildPhases = (
				57DE16DC27AE485C006C44DB /* Sources */,
				57DE16DD27AE485C006C44DB /* Frameworks */,
				57DE16DE27AE485C006C44DB /* Resources */,
			);
			buildRules = (
			);
			dependencies = (
				57DE16E227AE485C006C44DB /* PBXTargetDependency */,
			);
			name = "Codex-BettingTests";
			productName = "Codex-BettingTests";
			productReference = 57DE16E027AE485C006C44DB /* Codex-BettingTests.xctest */;
			productType = "com.apple.product-type.bundle.unit-test";
		};
		57DE16E927AE485C006C44DB /* Codex-BettingUITests */ = {
			isa = PBXNativeTarget;
			buildConfigurationList = 57DE16FA27AE485C006C44DB /* Build configuration list for PBXNativeTarget "Codex-BettingUITests" */;
			buildPhases = (
				57DE16E627AE485C006C44DB /* Sources */,
				57DE16E727AE485C006C44DB /* Frameworks */,
				57DE16E827AE485C006C44DB /* Resources */,
			);
			buildRules = (
			);
			dependencies = (
				57DE16EC27AE485C006C44DB /* PBXTargetDependency */,
			);
			name = "Codex-BettingUITests";
			productName = "Codex-BettingUITests";
			productReference = 57DE16EA27AE485C006C44DB /* Codex-BettingUITests.xctest */;
			productType = "com.apple.product-type.bundle.ui-testing";
		};
/* End PBXNativeTarget section */

/* Begin PBXProject section */
		57DE16C827AE485C006C44DB /* Project object */ = {
			isa = PBXProject;
			attributes = {
				BuildIndependentTargetsInParallel = 1;
				LastSwiftUpdateCheck = 1320;
				LastUpgradeCheck = 1320;
				TargetAttributes = {
					57DE16CF27AE485C006C44DB = {
						CreatedOnToolsVersion = 13.2;
					};
					57DE16DF27AE485C006C44DB = {
						CreatedOnToolsVersion = 13.2;
						TestTargetID = 57DE16CF27AE485C006C44DB;
					};
					57DE16E927AE485C006C44DB = {
						CreatedOnToolsVersion = 13.2;
						TestTargetID = 57DE16CF27AE485C006C44DB;
					};
				};
			};
			buildConfigurationList = 57DE16CB27AE485C006C44DB /* Build configuration list for PBXProject "Codex-Betting" */;
			compatibilityVersion = "Xcode 13.0";
			developmentRegion = en;
			hasScannedForEncodings = 0;
			knownRegions = (
				en,
				Base,
			);
			mainGroup = 57DE16C727AE485C006C44DB;
			productRefGroup = 57DE16D127AE485C006C44DB /* Products */;
			projectDirPath = "";
			projectRoot = "";
			targets = (
				57DE16CF27AE485C006C44DB /* Codex-Betting */,
				57DE16DF27AE485C006C44DB /* Codex-BettingTests */,
				57DE16E927AE485C006C44DB /* Codex-BettingUITests */,
			);
		};
/* End PBXProject section */

/* Begin PBXResourcesBuildPhase section */
		57DE16CE27AE485C006C44DB /* Resources */ = {
			isa = PBXResourcesBuildPhase;
			buildActionMask = 2147483647;
			files = (
				57DE16DB27AE485C006C44DB /* Preview Assets.xcassets in Resources */,
				57DE16D827AE485C006C44DB /* Assets.xcassets in Resources */,
			);
			runOnlyForDeploymentPostprocessing = 0;
		};
		57DE16DE27AE485C006C44DB /* Resources */ = {
			isa = PBXResourcesBuildPhase;
			buildActionMask = 2147483647;
			files = (
			);
			runOnlyForDeploymentPostprocessing = 0;
		};
		57DE16E827AE485C006C44DB /* Resources */ = {
			isa = PBXResourcesBuildPhase;
			buildActionMask = 2147483647;
			files = (
			);
			runOnlyForDeploymentPostprocessing = 0;
		};
/* End PBXResourcesBuildPhase section */

/* Begin PBXSourcesBuildPhase section */
		57DE16CC27AE485C006C44DB /* Sources */ = {
			isa = PBXSourcesBuildPhase;
			buildActionMask = 2147483647;
			files = (
				57DE16D627AE485C006C44DB /* ContentView.swift in Sources */,
				57DE16D427AE485C006C44DB /* Codex_BettingApp.swift in Sources */,
			);
			runOnlyForDeploymentPostprocessing = 0;
		};
		57DE16DC27AE485C006C44DB /* Sources */ = {
			isa = PBXSourcesBuildPhase;
			buildActionMask = 2147483647;
			files = (
				57DE16E527AE485C006C44DB /* Codex_BettingTests.swift in Sources */,
			);
			runOnlyForDeploymentPostprocessing = 0;
		};
		57DE16E627AE485C006C44DB /* Sources */ = {
			isa = PBXSourcesBuildPhase;
			buildActionMask = 2147483647;
			files = (
				57DE16F127AE485C006C44DB /* Codex_BettingUITestsLaunchTests.swift in Sources */,
				57DE16EF27AE485C006C44DB /* Codex_BettingUITests.swift in Sources */,
			);
			runOnlyForDeploymentPostprocessing = 0;
		};
/* End PBXSourcesBuildPhase section */

/* Begin PBXTargetDependency section */
		57DE16E227AE485C006C44DB /* PBXTargetDependency */ = {
			isa = PBXTargetDependency;
			target = 57DE16CF27AE485C006C44DB /* Codex-Betting */;
			targetProxy = 57DE16E127AE485C006C44DB /* PBXContainerItemProxy */;
		};
		57DE16EC27AE485C006C44DB /* PBXTargetDependency */ = {
			isa = PBXTargetDependency;
			target = 57DE16CF27AE485C006C44DB /* Codex-Betting */;
			targetProxy = 57DE16EB27AE485C006C44DB /* PBXContainerItemProxy */;
		};
/* End PBXTargetDependency section */

/* Begin XCBuildConfiguration section */
		57DE16F227AE485C006C44DB /* Debug */ = {
			isa = XCBuildConfiguration;
			buildSettings = {
				ALWAYS_SEARCH_USER_PATHS = NO;
				CLANG_ANALYZER_NONNULL = YES;
				CLANG_ANALYZER_NUMBER_OBJECT_CONVERSION = YES_AGGRESSIVE;
				CLANG_CXX_LANGUAGE_STANDARD = "gnu++17";
				CLANG_CXX_LIBRARY = "libc++";
				CLANG_ENABLE_MODULES = YES;
				CLANG_ENABLE_OBJC_ARC = YES;
				CLANG_ENABLE_OBJC_WEAK = YES;
				CLANG_WARN_BLOCK_CAPTURE_AUTORELEASING = YES;
				CLANG_WARN_BOOL_CONVERSION = YES;
				CLANG_WARN_COMMA = YES;
				CLANG_WARN_CONSTANT_CONVERSION = YES;
				CLANG_WARN_DEPRECATED_OBJC_IMPLEMENTATIONS = YES;
				CLANG_WARN_DIRECT_OBJC_ISA_USAGE = YES_ERROR;
				CLANG_WARN_DOCUMENTATION_COMMENTS = YES;
				CLANG_WARN_EMPTY_BODY = YES;
				CLANG_WARN_ENUM_CONVERSION = YES;
				CLANG_WARN_INFINITE_RECURSION = YES;
				CLANG_WARN_INT_CONVERSION = YES;
				CLANG_WARN_NON_LITERAL_NULL_CONVERSION = YES;
				CLANG_WARN_OBJC_IMPLICIT_RETAIN_SELF = YES;
				CLANG_WARN_OBJC_LITERAL_CONVERSION = YES;
				CLANG_WARN_OBJC_ROOT_CLASS = YES_ERROR;
				CLANG_WARN_QUOTED_INCLUDE_IN_FRAMEWORK_HEADER = YES;
				CLANG_WARN_RANGE_LOOP_ANALYSIS = YES;
				CLANG_WARN_STRICT_PROTOTYPES = YES;
				CLANG_WARN_SUSPICIOUS_MOVE = YES;
				CLANG_WARN_UNGUARDED_AVAILABILITY = YES_AGGRESSIVE;
				CLANG_WARN_UNREACHABLE_CODE = YES;
				CLANG_WARN__DUPLICATE_METHOD_MATCH = YES;
				COPY_PHASE_STRIP = NO;
				DEBUG_INFORMATION_FORMAT = dwarf;
				ENABLE_STRICT_OBJC_MSGSEND = YES;
				ENABLE_TESTABILITY = YES;
				GCC_C_LANGUAGE_STANDARD = gnu11;
				GCC_DYNAMIC_NO_PIC = NO;
				GCC_NO_COMMON_BLOCKS = YES;
				GCC_OPTIMIZATION_LEVEL = 0;
				GCC_PREPROCESSOR_DEFINITIONS = (
					"DEBUG=1",
					"$(inherited)",
				);
				GCC_WARN_64_TO_32_BIT_CONVERSION = YES;
				GCC_WARN_ABOUT_RETURN_TYPE = YES_ERROR;
				GCC_WARN_UNDECLARED_SELECTOR = YES;
				GCC_WARN_UNINITIALIZED_AUTOS = YES_AGGRESSIVE;
				GCC_WARN_UNUSED_FUNCTION = YES;
				GCC_WARN_UNUSED_VARIABLE = YES;
				IPHONEOS_DEPLOYMENT_TARGET = 15.2;
				MTL_ENABLE_DEBUG_INFO = INCLUDE_SOURCE;
				MTL_FAST_MATH = YES;
				ONLY_ACTIVE_ARCH = YES;
				SDKROOT = iphoneos;
				SWIFT_ACTIVE_COMPILATION_CONDITIONS = DEBUG;
				SWIFT_OPTIMIZATION_LEVEL = "-Onone";
			};
			name = Debug;
		};
		57DE16F327AE485C006C44DB /* Release */ = {
			isa = XCBuildConfiguration;
			buildSettings = {
				ALWAYS_SEARCH_USER_PATHS = NO;
				CLANG_ANALYZER_NONNULL = YES;
				CLANG_ANALYZER_NUMBER_OBJECT_CONVERSION = YES_AGGRESSIVE;
				CLANG_CXX_LANGUAGE_STANDARD = "gnu++17";
				CLANG_CXX_LIBRARY = "libc++";
				CLANG_ENABLE_MODULES = YES;
				CLANG_ENABLE_OBJC_ARC = YES;
				CLANG_ENABLE_OBJC_WEAK = YES;
				CLANG_WARN_BLOCK_CAPTURE_AUTORELEASING = YES;
				CLANG_WARN_BOOL_CONVERSION = YES;
				CLANG_WARN_COMMA = YES;
				CLANG_WARN_CONSTANT_CONVERSION = YES;
				CLANG_WARN_DEPRECATED_OBJC_IMPLEMENTATIONS = YES;
				CLANG_WARN_DIRECT_OBJC_ISA_USAGE = YES_ERROR;
				CLANG_WARN_DOCUMENTATION_COMMENTS = YES;
				CLANG_WARN_EMPTY_BODY = YES;
				CLANG_WARN_ENUM_CONVERSION = YES;
				CLANG_WARN_INFINITE_RECURSION = YES;
				CLANG_WARN_INT_CONVERSION = YES;
				CLANG_WARN_NON_LITERAL_NULL_CONVERSION = YES;
				CLANG_WARN_OBJC_IMPLICIT_RETAIN_SELF = YES;
				CLANG_WARN_OBJC_LITERAL_CONVERSION = YES;
				CLANG_WARN_OBJC_ROOT_CLASS = YES_ERROR;
				CLANG_WARN_QUOTED_INCLUDE_IN_FRAMEWORK_HEADER = YES;
				CLANG_WARN_RANGE_LOOP_ANALYSIS = YES;
				CLANG_WARN_STRICT_PROTOTYPES = YES;
				CLANG_WARN_SUSPICIOUS_MOVE = YES;
				CLANG_WARN_UNGUARDED_AVAILABILITY = YES_AGGRESSIVE;
				CLANG_WARN_UNREACHABLE_CODE = YES;
				CLANG_WARN__DUPLICATE_METHOD_MATCH = YES;
				COPY_PHASE_STRIP = NO;
				DEBUG_INFORMATION_FORMAT = "dwarf-with-dsym";
				ENABLE_NS_ASSERTIONS = NO;
				ENABLE_STRICT_OBJC_MSGSEND = YES;
				GCC_C_LANGUAGE_STANDARD = gnu11;
				GCC_NO_COMMON_BLOCKS = YES;
				GCC_WARN_64_TO_32_BIT_CONVERSION = YES;
				GCC_WARN_ABOUT_RETURN_TYPE = YES_ERROR;
				GCC_WARN_UNDECLARED_SELECTOR = YES;
				GCC_WARN_UNINITIALIZED_AUTOS = YES_AGGRESSIVE;
				GCC_WARN_UNUSED_FUNCTION = YES;
				GCC_WARN_UNUSED_VARIABLE = YES;
				IPHONEOS_DEPLOYMENT_TARGET = 15.2;
				MTL_ENABLE_DEBUG_INFO = NO;
				MTL_FAST_MATH = YES;
				SDKROOT = iphoneos;
				SWIFT_COMPILATION_MODE = wholemodule;
				SWIFT_OPTIMIZATION_LEVEL = "-O";
				VALIDATE_PRODUCT = YES;
			};
			name = Release;
		};
		57DE16F527AE485C006C44DB /* Debug */ = {
			isa = XCBuildConfiguration;
			buildSettings = {
				ASSETCATALOG_COMPILER_APPICON_NAME = AppIcon;
				ASSETCATALOG_COMPILER_GLOBAL_ACCENT_COLOR_NAME = AccentColor;
				CODE_SIGN_STYLE = Automatic;
				CURRENT_PROJECT_VERSION = 1;
				DEVELOPMENT_ASSET_PATHS = "\"Codex-Betting/Preview Content\"";
				DEVELOPMENT_TEAM = BJYRRMLA6N;
				ENABLE_PREVIEWS = YES;
				GENERATE_INFOPLIST_FILE = YES;
				INFOPLIST_KEY_UIApplicationSceneManifest_Generation = YES;
				INFOPLIST_KEY_UIApplicationSupportsIndirectInputEvents = YES;
				INFOPLIST_KEY_UILaunchScreen_Generation = YES;
				INFOPLIST_KEY_UISupportedInterfaceOrientations_iPad = "UIInterfaceOrientationPortrait UIInterfaceOrientationPortraitUpsideDown UIInterfaceOrientationLandscapeLeft UIInterfaceOrientationLandscapeRight";
				INFOPLIST_KEY_UISupportedInterfaceOrientations_iPhone = "UIInterfaceOrientationPortrait UIInterfaceOrientationLandscapeLeft UIInterfaceOrientationLandscapeRight";
				LD_RUNPATH_SEARCH_PATHS = (
					"$(inherited)",
					"@executable_path/Frameworks",
				);
				MARKETING_VERSION = 1.0;
				PRODUCT_BUNDLE_IDENTIFIER = "Codex-betting.Codex-Betting";
				PRODUCT_NAME = "$(TARGET_NAME)";
				SWIFT_EMIT_LOC_STRINGS = YES;
				SWIFT_VERSION = 5.0;
				TARGETED_DEVICE_FAMILY = "1,2";
			};
			name = Debug;
		};
		57DE16F627AE485C006C44DB /* Release */ = {
			isa = XCBuildConfiguration;
			buildSettings = {
				ASSETCATALOG_COMPILER_APPICON_NAME = AppIcon;
				ASSETCATALOG_COMPILER_GLOBAL_ACCENT_COLOR_NAME = AccentColor;
				CODE_SIGN_STYLE = Automatic;
				CURRENT_PROJECT_VERSION = 1;
				DEVELOPMENT_ASSET_PATHS = "\"Codex-Betting/Preview Content\"";
				DEVELOPMENT_TEAM = BJYRRMLA6N;
				ENABLE_PREVIEWS = YES;
				GENERATE_INFOPLIST_FILE = YES;
				INFOPLIST_KEY_UIApplicationSceneManifest_Generation = YES;
				INFOPLIST_KEY_UIApplicationSupportsIndirectInputEvents = YES;
				INFOPLIST_KEY_UILaunchScreen_Generation = YES;
				INFOPLIST_KEY_UISupportedInterfaceOrientations_iPad = "UIInterfaceOrientationPortrait UIInterfaceOrientationPortraitUpsideDown UIInterfaceOrientationLandscapeLeft UIInterfaceOrientationLandscapeRight";
				INFOPLIST_KEY_UISupportedInterfaceOrientations_iPhone = "UIInterfaceOrientationPortrait UIInterfaceOrientationLandscapeLeft UIInterfaceOrientationLandscapeRight";
				LD_RUNPATH_SEARCH_PATHS = (
					"$(inherited)",
					"@executable_path/Frameworks",
				);
				MARKETING_VERSION = 1.0;
				PRODUCT_BUNDLE_IDENTIFIER = "Codex-betting.Codex-Betting";
				PRODUCT_NAME = "$(TARGET_NAME)";
				SWIFT_EMIT_LOC_STRINGS = YES;
				SWIFT_VERSION = 5.0;
				TARGETED_DEVICE_FAMILY = "1,2";
			};
			name = Release;
		};
		57DE16F827AE485C006C44DB /* Debug */ = {
			isa = XCBuildConfiguration;
			buildSettings = {
				ALWAYS_EMBED_SWIFT_STANDARD_LIBRARIES = YES;
				BUNDLE_LOADER = "$(TEST_HOST)";
				CODE_SIGN_STYLE = Automatic;
				CURRENT_PROJECT_VERSION = 1;
				DEVELOPMENT_TEAM = BJYRRMLA6N;
				GENERATE_INFOPLIST_FILE = YES;
				IPHONEOS_DEPLOYMENT_TARGET = 15.2;
				MARKETING_VERSION = 1.0;
				PRODUCT_BUNDLE_IDENTIFIER = "Codex-betting.Codex-BettingTests";
				PRODUCT_NAME = "$(TARGET_NAME)";
				SWIFT_EMIT_LOC_STRINGS = NO;
				SWIFT_VERSION = 5.0;
				TARGETED_DEVICE_FAMILY = "1,2";
				TEST_HOST = "$(BUILT_PRODUCTS_DIR)/Codex-Betting.app/Codex-Betting";
			};
			name = Debug;
		};
		57DE16F927AE485C006C44DB /* Release */ = {
			isa = XCBuildConfiguration;
			buildSettings = {
				ALWAYS_EMBED_SWIFT_STANDARD_LIBRARIES = YES;
				BUNDLE_LOADER = "$(TEST_HOST)";
				CODE_SIGN_STYLE = Automatic;
				CURRENT_PROJECT_VERSION = 1;
				DEVELOPMENT_TEAM = BJYRRMLA6N;
				GENERATE_INFOPLIST_FILE = YES;
				IPHONEOS_DEPLOYMENT_TARGET = 15.2;
				MARKETING_VERSION = 1.0;
				PRODUCT_BUNDLE_IDENTIFIER = "Codex-betting.Codex-BettingTests";
				PRODUCT_NAME = "$(TARGET_NAME)";
				SWIFT_EMIT_LOC_STRINGS = NO;
				SWIFT_VERSION = 5.0;
				TARGETED_DEVICE_FAMILY = "1,2";
				TEST_HOST = "$(BUILT_PRODUCTS_DIR)/Codex-Betting.app/Codex-Betting";
			};
			name = Release;
		};
		57DE16FB27AE485C006C44DB /* Debug */ = {
			isa = XCBuildConfiguration;
			buildSettings = {
				ALWAYS_EMBED_SWIFT_STANDARD_LIBRARIES = YES;
				CODE_SIGN_STYLE = Automatic;
				CURRENT_PROJECT_VERSION = 1;
				DEVELOPMENT_TEAM = BJYRRMLA6N;
				GENERATE_INFOPLIST_FILE = YES;
				MARKETING_VERSION = 1.0;
				PRODUCT_BUNDLE_IDENTIFIER = "Codex-betting.Codex-BettingUITests";
				PRODUCT_NAME = "$(TARGET_NAME)";
				SWIFT_EMIT_LOC_STRINGS = NO;
				SWIFT_VERSION = 5.0;
				TARGETED_DEVICE_FAMILY = "1,2";
				TEST_TARGET_NAME = "Codex-Betting";
			};
			name = Debug;
		};
		57DE16FC27AE485C006C44DB /* Release */ = {
			isa = XCBuildConfiguration;
			buildSettings = {
				ALWAYS_EMBED_SWIFT_STANDARD_LIBRARIES = YES;
				CODE_SIGN_STYLE = Automatic;
				CURRENT_PROJECT_VERSION = 1;
				DEVELOPMENT_TEAM = BJYRRMLA6N;
				GENERATE_INFOPLIST_FILE = YES;
				MARKETING_VERSION = 1.0;
				PRODUCT_BUNDLE_IDENTIFIER = "Codex-betting.Codex-BettingUITests";
				PRODUCT_NAME = "$(TARGET_NAME)";
				SWIFT_EMIT_LOC_STRINGS = NO;
				SWIFT_VERSION = 5.0;
				TARGETED_DEVICE_FAMILY = "1,2";
				TEST_TARGET_NAME = "Codex-Betting";
			};
			name = Release;
		};
/* End XCBuildConfiguration section */

/* Begin XCConfigurationList section */
		57DE16CB27AE485C006C44DB /* Build configuration list for PBXProject "Codex-Betting" */ = {
			isa = XCConfigurationList;
			buildConfigurations = (
				57DE16F227AE485C006C44DB /* Debug */,
				57DE16F327AE485C006C44DB /* Release */,
			);
			defaultConfigurationIsVisible = 0;
			defaultConfigurationName = Release;
		};
		57DE16F427AE485C006C44DB /* Build configuration list for PBXNativeTarget "Codex-Betting" */ = {
			isa = XCConfigurationList;
			buildConfigurations = (
				57DE16F527AE485C006C44DB /* Debug */,
				57DE16F627AE485C006C44DB /* Release */,
			);
			defaultConfigurationIsVisible = 0;
			defaultConfigurationName = Release;
		};
		57DE16F727AE485C006C44DB /* Build configuration list for PBXNativeTarget "Codex-BettingTests" */ = {
			isa = XCConfigurationList;
			buildConfigurations = (
				57DE16F827AE485C006C44DB /* Debug */,
				57DE16F927AE485C006C44DB /* Release */,
			);
			defaultConfigurationIsVisible = 0;
			defaultConfigurationName = Release;
		};
		57DE16FA27AE485C006C44DB /* Build configuration list for PBXNativeTarget "Codex-BettingUITests" */ = {
			isa = XCConfigurationList;
			buildConfigurations = (
				57DE16FB27AE485C006C44DB /* Debug */,
				57DE16FC27AE485C006C44DB /* Release */,
			);
			defaultConfigurationIsVisible = 0;
			defaultConfigurationName = Release;
		};
/* End XCConfigurationList section */
	};
	rootObject = 57DE16C827AE485C006C44DB /* Project object */;
}
