// !$*UTF8*$!
{
	archiveVersion = 1;
	classes = {
	};
	objectVersion = 53;
	objects = {

/* Begin PBXBuildFile section */
		5704561327C0A205005E3CCB /* CodexTextField.swift in Sources */ = {isa = PBXBuildFile; fileRef = 5704561227C0A205005E3CCB /* CodexTextField.swift */; };
		5704561927C0A4F0005E3CCB /* UIApplication+ext.swift in Sources */ = {isa = PBXBuildFile; fileRef = 5704561827C0A4F0005E3CCB /* UIApplication+ext.swift */; };
		5704561B27C0A971005E3CCB /* OddsInput.swift in Sources */ = {isa = PBXBuildFile; fileRef = 5704561A27C0A971005E3CCB /* OddsInput.swift */; };
		5704561D27C0ADDB005E3CCB /* DatesInput.swift in Sources */ = {isa = PBXBuildFile; fileRef = 5704561C27C0ADDB005E3CCB /* DatesInput.swift */; };
		5704561F27C0AF43005E3CCB /* MatchedBettingGameFormHeader.swift in Sources */ = {isa = PBXBuildFile; fileRef = 5704561E27C0AF43005E3CCB /* MatchedBettingGameFormHeader.swift */; };
		5704562227C0B233005E3CCB /* MatchSelectionController.swift in Sources */ = {isa = PBXBuildFile; fileRef = 5704562127C0B233005E3CCB /* MatchSelectionController.swift */; };
		5709982F27B16BB700D8FCFB /* MultiOptionSelectorView.swift in Sources */ = {isa = PBXBuildFile; fileRef = 5709982E27B16BB700D8FCFB /* MultiOptionSelectorView.swift */; };
		5709983127B16BEE00D8FCFB /* MatchBettingGameOption.swift in Sources */ = {isa = PBXBuildFile; fileRef = 5709983027B16BEE00D8FCFB /* MatchBettingGameOption.swift */; };
		5709983327B16D0A00D8FCFB /* OptionCircle.swift in Sources */ = {isa = PBXBuildFile; fileRef = 5709983227B16D0A00D8FCFB /* OptionCircle.swift */; };
		570F703E27F40B2D0016EDB9 /* WhatsappUtils.swift in Sources */ = {isa = PBXBuildFile; fileRef = 570F703D27F40B2D0016EDB9 /* WhatsappUtils.swift */; };
		570F704027F415F00016EDB9 /* Date+ext.swift in Sources */ = {isa = PBXBuildFile; fileRef = 570F703F27F415F00016EDB9 /* Date+ext.swift */; };
		5719B5AC27F90A970021237E /* MatchedBettingCalculatorViewModel.swift in Sources */ = {isa = PBXBuildFile; fileRef = 5719B5AB27F90A970021237E /* MatchedBettingCalculatorViewModel.swift */; };
		5719B5B027F90FD50021237E /* CalculatorSelectorView.swift in Sources */ = {isa = PBXBuildFile; fileRef = 5719B5AF27F90FD50021237E /* CalculatorSelectorView.swift */; };
		5719B5B227F9100C0021237E /* CalculatorSelection.swift in Sources */ = {isa = PBXBuildFile; fileRef = 5719B5B127F9100C0021237E /* CalculatorSelection.swift */; };
		5719B5B427F9119B0021237E /* CalculatorOptionView.swift in Sources */ = {isa = PBXBuildFile; fileRef = 5719B5B327F9119B0021237E /* CalculatorOptionView.swift */; };
		5719B5B627F9161E0021237E /* CalculatorBrain.swift in Sources */ = {isa = PBXBuildFile; fileRef = 5719B5B527F9161E0021237E /* CalculatorBrain.swift */; };
		5719B5B827FA51D80021237E /* String+ext.swift in Sources */ = {isa = PBXBuildFile; fileRef = 5719B5B727FA51D80021237E /* String+ext.swift */; };
		571F997927C2018800F271C3 /* BackgroundContent.swift in Sources */ = {isa = PBXBuildFile; fileRef = 571F997827C2018800F271C3 /* BackgroundContent.swift */; };
		571F99A227C34D0100F271C3 /* ContinueButton.swift in Sources */ = {isa = PBXBuildFile; fileRef = 571F99A127C34D0100F271C3 /* ContinueButton.swift */; };
		57268B1027AF80CB0082ECF6 /* Colors.swift in Sources */ = {isa = PBXBuildFile; fileRef = 57268B0F27AF80CB0082ECF6 /* Colors.swift */; };
		57268B1427AF84060082ECF6 /* Launch Screen.storyboard in Resources */ = {isa = PBXBuildFile; fileRef = 57268B1327AF84060082ECF6 /* Launch Screen.storyboard */; };
		57268B1A27AF8A470082ECF6 /* Grotesk-Light.ttf in Resources */ = {isa = PBXBuildFile; fileRef = 57268B1727AF87A30082ECF6 /* Grotesk-Light.ttf */; };
		57268B1B27AF8A4A0082ECF6 /* Grotesk-Regular.ttf in Resources */ = {isa = PBXBuildFile; fileRef = 57268B1627AF87950082ECF6 /* Grotesk-Regular.ttf */; };
		57268B1C27AF8A4D0082ECF6 /* Grotesk-Bold.ttf in Resources */ = {isa = PBXBuildFile; fileRef = 57268B1827AF87AB0082ECF6 /* Grotesk-Bold.ttf */; };
		57268B1F27AF8C370082ECF6 /* HKGrotesk.swift in Sources */ = {isa = PBXBuildFile; fileRef = 57268B1E27AF8C370082ECF6 /* HKGrotesk.swift */; };
		57268B2227AF8FCC0082ECF6 /* MainView.swift in Sources */ = {isa = PBXBuildFile; fileRef = 57268B2127AF8FCC0082ECF6 /* MainView.swift */; };
		57268B2527AF90CE0082ECF6 /* InformationCardView.swift in Sources */ = {isa = PBXBuildFile; fileRef = 57268B2427AF90CE0082ECF6 /* InformationCardView.swift */; };
		57268B2727AF91A90082ECF6 /* CustomDivider.swift in Sources */ = {isa = PBXBuildFile; fileRef = 57268B2627AF91A90082ECF6 /* CustomDivider.swift */; };
		57268B2927AF971A0082ECF6 /* InformationCards.swift in Sources */ = {isa = PBXBuildFile; fileRef = 57268B2827AF971A0082ECF6 /* InformationCards.swift */; };
		572746B227B0D69E00A3CF06 /* ToolsView.swift in Sources */ = {isa = PBXBuildFile; fileRef = 572746B127B0D69E00A3CF06 /* ToolsView.swift */; };
		572746B427B0D85B00A3CF06 /* ToolsCards.swift in Sources */ = {isa = PBXBuildFile; fileRef = 572746B327B0D85B00A3CF06 /* ToolsCards.swift */; };
		572746B627B0D9A600A3CF06 /* CourseVideoCardView.swift in Sources */ = {isa = PBXBuildFile; fileRef = 572746B527B0D9A600A3CF06 /* CourseVideoCardView.swift */; };
		572746B827B0DBC300A3CF06 /* LessonsView.swift in Sources */ = {isa = PBXBuildFile; fileRef = 572746B727B0DBC300A3CF06 /* LessonsView.swift */; };
		572746BD27B0DD6E00A3CF06 /* CircleWithNumber.swift in Sources */ = {isa = PBXBuildFile; fileRef = 572746BC27B0DD6E00A3CF06 /* CircleWithNumber.swift */; };
		572746BF27B0DE7300A3CF06 /* LessonCards.swift in Sources */ = {isa = PBXBuildFile; fileRef = 572746BE27B0DE7300A3CF06 /* LessonCards.swift */; };
		572746C127B0DF4100A3CF06 /* RecommendationView.swift in Sources */ = {isa = PBXBuildFile; fileRef = 572746C027B0DF4100A3CF06 /* RecommendationView.swift */; };
		572746C327B0E07400A3CF06 /* LeadingTitle.swift in Sources */ = {isa = PBXBuildFile; fileRef = 572746C227B0E07400A3CF06 /* LeadingTitle.swift */; };
		572746C527B0E31600A3CF06 /* LeadingText.swift in Sources */ = {isa = PBXBuildFile; fileRef = 572746C427B0E31600A3CF06 /* LeadingText.swift */; };
		572746C827B0E46300A3CF06 /* RecommendationList.swift in Sources */ = {isa = PBXBuildFile; fileRef = 572746C727B0E46300A3CF06 /* RecommendationList.swift */; };
		572746CA27B0E53C00A3CF06 /* MatchedBettingGameForm.swift in Sources */ = {isa = PBXBuildFile; fileRef = 572746C927B0E53C00A3CF06 /* MatchedBettingGameForm.swift */; };
		572B278C27EDFC1700F8E66C /* VerifyBetSelectorView.swift in Sources */ = {isa = PBXBuildFile; fileRef = 572B278B27EDFC1700F8E66C /* VerifyBetSelectorView.swift */; };
		572B278E27EDFC5E00F8E66C /* VerifySelectionController.swift in Sources */ = {isa = PBXBuildFile; fileRef = 572B278D27EDFC5E00F8E66C /* VerifySelectionController.swift */; };
		572B279027EDFD3F00F8E66C /* VerifyBetOptionView.swift in Sources */ = {isa = PBXBuildFile; fileRef = 572B278F27EDFD3F00F8E66C /* VerifyBetOptionView.swift */; };
		572B279227EDFF4B00F8E66C /* VerifyBetOptionsViewModel.swift in Sources */ = {isa = PBXBuildFile; fileRef = 572B279127EDFF4B00F8E66C /* VerifyBetOptionsViewModel.swift */; };
		572B279427EE031400F8E66C /* VerifyBetViewModel.swift in Sources */ = {isa = PBXBuildFile; fileRef = 572B279327EE031400F8E66C /* VerifyBetViewModel.swift */; };
		572B279627EE03CF00F8E66C /* RequirementViewModel.swift in Sources */ = {isa = PBXBuildFile; fileRef = 572B279527EE03CF00F8E66C /* RequirementViewModel.swift */; };
		572B279827EE1A5B00F8E66C /* RequirementsView.swift in Sources */ = {isa = PBXBuildFile; fileRef = 572B279727EE1A5B00F8E66C /* RequirementsView.swift */; };
		572B279A27EE21D800F8E66C /* SuccessAlertView.swift in Sources */ = {isa = PBXBuildFile; fileRef = 572B279927EE21D800F8E66C /* SuccessAlertView.swift */; };
		5742F56427EC9965000A53DB /* LessonCardsViewModel.swift in Sources */ = {isa = PBXBuildFile; fileRef = 5742F56327EC9965000A53DB /* LessonCardsViewModel.swift */; };
		5742F56627EC9985000A53DB /* VideoCourseViewModel.swift in Sources */ = {isa = PBXBuildFile; fileRef = 5742F56527EC9985000A53DB /* VideoCourseViewModel.swift */; };
		5742F56827EC99E0000A53DB /* CourseVideoModel.swift in Sources */ = {isa = PBXBuildFile; fileRef = 5742F56727EC99E0000A53DB /* CourseVideoModel.swift */; };
		5742F56B27EC9A61000A53DB /* VideoCourseRepository.swift in Sources */ = {isa = PBXBuildFile; fileRef = 5742F56A27EC9A61000A53DB /* VideoCourseRepository.swift */; };
		5742F56D27EC9EC0000A53DB /* CourseVideos.json in Resources */ = {isa = PBXBuildFile; fileRef = 5742F56C27EC9EC0000A53DB /* CourseVideos.json */; };
		5742F57127EC9F90000A53DB /* VideoDetailView.swift in Sources */ = {isa = PBXBuildFile; fileRef = 5742F57027EC9F90000A53DB /* VideoDetailView.swift */; };
		5742F57327ECA0DF000A53DB /* VideoView.swift in Sources */ = {isa = PBXBuildFile; fileRef = 5742F57227ECA0DF000A53DB /* VideoView.swift */; };
		576F42B127B235F50041E597 /* LayBetView.swift in Sources */ = {isa = PBXBuildFile; fileRef = 576F42B027B235F50041E597 /* LayBetView.swift */; };
		5773653E27B4756D00567244 /* BreakdownView.swift in Sources */ = {isa = PBXBuildFile; fileRef = 5773653D27B4756D00567244 /* BreakdownView.swift */; };
		5773654027B477FC00567244 /* BreakdownRow.swift in Sources */ = {isa = PBXBuildFile; fileRef = 5773653F27B477FC00567244 /* BreakdownRow.swift */; };
		5773654227B47AE600567244 /* BreakdownResultRow.swift in Sources */ = {isa = PBXBuildFile; fileRef = 5773654127B47AE600567244 /* BreakdownResultRow.swift */; };
		5773654427B47DE600567244 /* ResultView.swift in Sources */ = {isa = PBXBuildFile; fileRef = 5773654327B47DE600567244 /* ResultView.swift */; };
		5773654727B4CA3200567244 /* ImageConstants.swift in Sources */ = {isa = PBXBuildFile; fileRef = 5773654627B4CA3200567244 /* ImageConstants.swift */; };
		5773654A27B4CA8300567244 /* MainViewModel.swift in Sources */ = {isa = PBXBuildFile; fileRef = 5773654927B4CA8300567244 /* MainViewModel.swift */; };
		5773654C27B4CBF400567244 /* InformationCardsViewModel.swift in Sources */ = {isa = PBXBuildFile; fileRef = 5773654B27B4CBF400567244 /* InformationCardsViewModel.swift */; };
		5773654E27B4CD6E00567244 /* InformationCardViewModel.swift in Sources */ = {isa = PBXBuildFile; fileRef = 5773654D27B4CD6E00567244 /* InformationCardViewModel.swift */; };
		5773655127B4D23C00567244 /* DataService.swift in Sources */ = {isa = PBXBuildFile; fileRef = 5773655027B4D23C00567244 /* DataService.swift */; };
		5773655427B4D25E00567244 /* InformationCardModel.swift in Sources */ = {isa = PBXBuildFile; fileRef = 5773655327B4D25E00567244 /* InformationCardModel.swift */; };
		5773655627B4D3F700567244 /* TextConstants.swift in Sources */ = {isa = PBXBuildFile; fileRef = 5773655527B4D3F700567244 /* TextConstants.swift */; };
		5773655827B4DA8A00567244 /* URLConstants.swift in Sources */ = {isa = PBXBuildFile; fileRef = 5773655727B4DA8A00567244 /* URLConstants.swift */; };
		5776DBC127C5E0E2001A3419 /* CustomerServiceManager.swift in Sources */ = {isa = PBXBuildFile; fileRef = 5776DBC027C5E0E2001A3419 /* CustomerServiceManager.swift */; };
		57803F7028033C3600B17EE1 /* Double+ext.swift in Sources */ = {isa = PBXBuildFile; fileRef = 57803F6F28033C3600B17EE1 /* Double+ext.swift */; };
		57803F722807A51900B17EE1 /* OddsConverterViewModel.swift in Sources */ = {isa = PBXBuildFile; fileRef = 57803F712807A51900B17EE1 /* OddsConverterViewModel.swift */; };
		57803F742807B9D100B17EE1 /* AmericanOddType.swift in Sources */ = {isa = PBXBuildFile; fileRef = 57803F732807B9D100B17EE1 /* AmericanOddType.swift */; };
		57803F762807D80E00B17EE1 /* OpenVerifyBetButton.swift in Sources */ = {isa = PBXBuildFile; fileRef = 57803F752807D80E00B17EE1 /* OpenVerifyBetButton.swift */; };
		57803F782808530200B17EE1 /* QuestionsView.swift in Sources */ = {isa = PBXBuildFile; fileRef = 57803F772808530200B17EE1 /* QuestionsView.swift */; };
		57803F7A2808555700B17EE1 /* AllQuestionCardsView.swift in Sources */ = {isa = PBXBuildFile; fileRef = 57803F792808555700B17EE1 /* AllQuestionCardsView.swift */; };
		57803F7C280855FA00B17EE1 /* QuestionCardsViewModel.swift in Sources */ = {isa = PBXBuildFile; fileRef = 57803F7B280855FA00B17EE1 /* QuestionCardsViewModel.swift */; };
		57803F7E2808564800B17EE1 /* QuestionModel.swift in Sources */ = {isa = PBXBuildFile; fileRef = 57803F7D2808564800B17EE1 /* QuestionModel.swift */; };
		57803F80280856EC00B17EE1 /* QuestionViewModel.swift in Sources */ = {isa = PBXBuildFile; fileRef = 57803F7F280856EC00B17EE1 /* QuestionViewModel.swift */; };
		57803F82280858EC00B17EE1 /* QuestionCardView.swift in Sources */ = {isa = PBXBuildFile; fileRef = 57803F81280858EC00B17EE1 /* QuestionCardView.swift */; };
		57803F842809AFDE00B17EE1 /* QuestionDetail.swift in Sources */ = {isa = PBXBuildFile; fileRef = 57803F832809AFDE00B17EE1 /* QuestionDetail.swift */; };
		57803F862809B22A00B17EE1 /* LogInView.swift in Sources */ = {isa = PBXBuildFile; fileRef = 57803F852809B22A00B17EE1 /* LogInView.swift */; };
		57803F88280A2B3300B17EE1 /* RegisterView.swift in Sources */ = {isa = PBXBuildFile; fileRef = 57803F87280A2B3300B17EE1 /* RegisterView.swift */; };
		57803F8A280A2ED100B17EE1 /* UnderlinedButton.swift in Sources */ = {isa = PBXBuildFile; fileRef = 57803F89280A2ED100B17EE1 /* UnderlinedButton.swift */; };
		57803F8C280A39C000B17EE1 /* GoogleButton.swift in Sources */ = {isa = PBXBuildFile; fileRef = 57803F8B280A39C000B17EE1 /* GoogleButton.swift */; };
		57803F8E280A3CD500B17EE1 /* ForgetPasswordView.swift in Sources */ = {isa = PBXBuildFile; fileRef = 57803F8D280A3CD500B17EE1 /* ForgetPasswordView.swift */; };
		57803F90280A745500B17EE1 /* MenuButton.swift in Sources */ = {isa = PBXBuildFile; fileRef = 57803F8F280A745500B17EE1 /* MenuButton.swift */; };
		57803F92280A755000B17EE1 /* MenuView.swift in Sources */ = {isa = PBXBuildFile; fileRef = 57803F91280A755000B17EE1 /* MenuView.swift */; };
		57803F94280A779F00B17EE1 /* MenuOptionView.swift in Sources */ = {isa = PBXBuildFile; fileRef = 57803F93280A779F00B17EE1 /* MenuOptionView.swift */; };
		57803F96280A7AF900B17EE1 /* RootView.swift in Sources */ = {isa = PBXBuildFile; fileRef = 57803F95280A7AF900B17EE1 /* RootView.swift */; };
		57803F9A280A7B7000B17EE1 /* MenuManager.swift in Sources */ = {isa = PBXBuildFile; fileRef = 57803F99280A7B7000B17EE1 /* MenuManager.swift */; };
		578B104A27ED36560093DA26 /* BackButtonView.swift in Sources */ = {isa = PBXBuildFile; fileRef = 578B104927ED36560093DA26 /* BackButtonView.swift */; };
		578B104C27ED377E0093DA26 /* FootnoteView.swift in Sources */ = {isa = PBXBuildFile; fileRef = 578B104B27ED377E0093DA26 /* FootnoteView.swift */; };
		579646B1282F25CA0059F828 /* UserRepository.swift in Sources */ = {isa = PBXBuildFile; fileRef = 579646B0282F25CA0059F828 /* UserRepository.swift */; };
		579646B4282F2ED20059F828 /* GlobalState.swift in Sources */ = {isa = PBXBuildFile; fileRef = 579646B3282F2ED20059F828 /* GlobalState.swift */; };
		579646B6282F2F040059F828 /* UserSession.swift in Sources */ = {isa = PBXBuildFile; fileRef = 579646B5282F2F040059F828 /* UserSession.swift */; };
		579646B8282F32A20059F828 /* RootViewModel.swift in Sources */ = {isa = PBXBuildFile; fileRef = 579646B7282F32A20059F828 /* RootViewModel.swift */; };
		579646BC282F348C0059F828 /* CompleteLoaderView.swift in Sources */ = {isa = PBXBuildFile; fileRef = 579646BB282F348C0059F828 /* CompleteLoaderView.swift */; };
		579646BF283065CA0059F828 /* Realm in Frameworks */ = {isa = PBXBuildFile; productRef = 579646BE283065CA0059F828 /* Realm */; };
		579646C1283065CA0059F828 /* RealmSwift in Frameworks */ = {isa = PBXBuildFile; productRef = 579646C0283065CA0059F828 /* RealmSwift */; };
		579646C42830AC3F0059F828 /* UserDatabaseModel.swift in Sources */ = {isa = PBXBuildFile; fileRef = 579646C32830AC3F0059F828 /* UserDatabaseModel.swift */; };
		579646C62830AD6C0059F828 /* UserDatabase.swift in Sources */ = {isa = PBXBuildFile; fileRef = 579646C52830AD6C0059F828 /* UserDatabase.swift */; };
		579646C92830B2530059F828 /* UserModelAdapter.swift in Sources */ = {isa = PBXBuildFile; fileRef = 579646C82830B2530059F828 /* UserModelAdapter.swift */; };
		579646CB2830BCC60059F828 /* MenuViewModel.swift in Sources */ = {isa = PBXBuildFile; fileRef = 579646CA2830BCC60059F828 /* MenuViewModel.swift */; };
		579646CE28316F790059F828 /* UserModel.swift in Sources */ = {isa = PBXBuildFile; fileRef = 579646CD28316F790059F828 /* UserModel.swift */; };
		579646D1283171A90059F828 /* UserNetwork.swift in Sources */ = {isa = PBXBuildFile; fileRef = 579646D0283171A90059F828 /* UserNetwork.swift */; };
		5796577827B0E6020084ADDA /* CloseButton.swift in Sources */ = {isa = PBXBuildFile; fileRef = 5796577727B0E6020084ADDA /* CloseButton.swift */; };
		5796577A27B0E82A0084ADDA /* LockFeatureView.swift in Sources */ = {isa = PBXBuildFile; fileRef = 5796577927B0E82A0084ADDA /* LockFeatureView.swift */; };
		579C6C6F282C842600C00422 /* LogInViewModel.swift in Sources */ = {isa = PBXBuildFile; fileRef = 579C6C6E282C842600C00422 /* LogInViewModel.swift */; };
		579C6C71282CB91A00C00422 /* ForgetPasswordViewModel.swift in Sources */ = {isa = PBXBuildFile; fileRef = 579C6C70282CB91A00C00422 /* ForgetPasswordViewModel.swift */; };
		579C6C73282CBC7B00C00422 /* RegisterViewModel.swift in Sources */ = {isa = PBXBuildFile; fileRef = 579C6C72282CBC7B00C00422 /* RegisterViewModel.swift */; };
		579C6C77282CC4A800C00422 /* LegalView.swift in Sources */ = {isa = PBXBuildFile; fileRef = 579C6C76282CC4A800C00422 /* LegalView.swift */; };
		579C6C79282DDDF600C00422 /* GoogleService-Info.plist in Resources */ = {isa = PBXBuildFile; fileRef = 579C6C78282DDDF600C00422 /* GoogleService-Info.plist */; };
		579C6C7C282DDF8800C00422 /* FirebaseAuth in Frameworks */ = {isa = PBXBuildFile; productRef = 579C6C7B282DDF8800C00422 /* FirebaseAuth */; };
		579C6C7E282DDF8800C00422 /* FirebaseFirestore in Frameworks */ = {isa = PBXBuildFile; productRef = 579C6C7D282DDF8800C00422 /* FirebaseFirestore */; };
		579C6C80282DDF8800C00422 /* FirebaseFirestoreSwift in Frameworks */ = {isa = PBXBuildFile; productRef = 579C6C7F282DDF8800C00422 /* FirebaseFirestoreSwift */; };
		579C6C82282DE0D800C00422 /* AuthManager.swift in Sources */ = {isa = PBXBuildFile; fileRef = 579C6C81282DE0D800C00422 /* AuthManager.swift */; };
		579C6C85282DEFA800C00422 /* GoogleSignIn in Frameworks */ = {isa = PBXBuildFile; productRef = 579C6C84282DEFA800C00422 /* GoogleSignIn */; };
		57B290A527BCBB8D008DBBDC /* RecommendationListViewModel.swift in Sources */ = {isa = PBXBuildFile; fileRef = 57B290A427BCBB8D008DBBDC /* RecommendationListViewModel.swift */; };
		57B290A727BCBF6E008DBBDC /* RecommendationViewModel.swift in Sources */ = {isa = PBXBuildFile; fileRef = 57B290A627BCBF6E008DBBDC /* RecommendationViewModel.swift */; };
		57B290A927BCC231008DBBDC /* MatchedBettingGameFormViewModel.swift in Sources */ = {isa = PBXBuildFile; fileRef = 57B290A827BCC231008DBBDC /* MatchedBettingGameFormViewModel.swift */; };
		57B49BE82814F645006C325D /* TestTextField.swift in Sources */ = {isa = PBXBuildFile; fileRef = 57B49BE72814F645006C325D /* TestTextField.swift */; };
		57BF88FD27F170B200745719 /* MatchRequestsManager.swift in Sources */ = {isa = PBXBuildFile; fileRef = 57BF88FC27F170B200745719 /* MatchRequestsManager.swift */; };
		57D2FB6827B423DF0023B359 /* LiabilityView.swift in Sources */ = {isa = PBXBuildFile; fileRef = 57D2FB6727B423DF0023B359 /* LiabilityView.swift */; };
		57D2FB6A27B4254A0023B359 /* CopyToClipboardButton.swift in Sources */ = {isa = PBXBuildFile; fileRef = 57D2FB6927B4254A0023B359 /* CopyToClipboardButton.swift */; };
		57DE16D427AE485C006C44DB /* Codex_BettingApp.swift in Sources */ = {isa = PBXBuildFile; fileRef = 57DE16D327AE485C006C44DB /* Codex_BettingApp.swift */; };
		57DE16D627AE485C006C44DB /* ContentView.swift in Sources */ = {isa = PBXBuildFile; fileRef = 57DE16D527AE485C006C44DB /* ContentView.swift */; };
		57DE16D827AE485C006C44DB /* Assets.xcassets in Resources */ = {isa = PBXBuildFile; fileRef = 57DE16D727AE485C006C44DB /* Assets.xcassets */; };
		57DE16DB27AE485C006C44DB /* Preview Assets.xcassets in Resources */ = {isa = PBXBuildFile; fileRef = 57DE16DA27AE485C006C44DB /* Preview Assets.xcassets */; };
		57DE16E527AE485C006C44DB /* Codex_BettingTests.swift in Sources */ = {isa = PBXBuildFile; fileRef = 57DE16E427AE485C006C44DB /* Codex_BettingTests.swift */; };
		57DE16EF27AE485C006C44DB /* Codex_BettingUITests.swift in Sources */ = {isa = PBXBuildFile; fileRef = 57DE16EE27AE485C006C44DB /* Codex_BettingUITests.swift */; };
		57DE16F127AE485C006C44DB /* Codex_BettingUITestsLaunchTests.swift in Sources */ = {isa = PBXBuildFile; fileRef = 57DE16F027AE485C006C44DB /* Codex_BettingUITestsLaunchTests.swift */; };
		57E8C3C927B8D64F0058A7FA /* CodexToolBar.swift in Sources */ = {isa = PBXBuildFile; fileRef = 57E8C3C827B8D64F0058A7FA /* CodexToolBar.swift */; };
		57E8C3CB27B8DFE20058A7FA /* ToolCardsViewModel.swift in Sources */ = {isa = PBXBuildFile; fileRef = 57E8C3CA27B8DFE20058A7FA /* ToolCardsViewModel.swift */; };
		57E8C3CD27BBE7DF0058A7FA /* NormalText.swift in Sources */ = {isa = PBXBuildFile; fileRef = 57E8C3CC27BBE7DF0058A7FA /* NormalText.swift */; };
		57EC9C1B27B21F2D0083DD83 /* VerifyBetView.swift in Sources */ = {isa = PBXBuildFile; fileRef = 57EC9C1A27B21F2D0083DD83 /* VerifyBetView.swift */; };
		57EC9C1D27B21FD60083DD83 /* RequirementWithCheckboxView.swift in Sources */ = {isa = PBXBuildFile; fileRef = 57EC9C1C27B21FD60083DD83 /* RequirementWithCheckboxView.swift */; };
		57EC9C1F27B220930083DD83 /* Checkbox.swift in Sources */ = {isa = PBXBuildFile; fileRef = 57EC9C1E27B220930083DD83 /* Checkbox.swift */; };
		57EC9C2127B2253E0083DD83 /* VerifyBetOptionsView.swift in Sources */ = {isa = PBXBuildFile; fileRef = 57EC9C2027B2253E0083DD83 /* VerifyBetOptionsView.swift */; };
		57EC9C2327B227360083DD83 /* CustomTextField.swift in Sources */ = {isa = PBXBuildFile; fileRef = 57EC9C2227B227360083DD83 /* CustomTextField.swift */; };
		57EC9C2527B230A40083DD83 /* MatchedBettingCalculatorView.swift in Sources */ = {isa = PBXBuildFile; fileRef = 57EC9C2427B230A40083DD83 /* MatchedBettingCalculatorView.swift */; };
		57EC9C2727B2339A0083DD83 /* BackBetView.swift in Sources */ = {isa = PBXBuildFile; fileRef = 57EC9C2627B2339A0083DD83 /* BackBetView.swift */; };
		57F132A127B3825200146A63 /* OddsConverterView.swift in Sources */ = {isa = PBXBuildFile; fileRef = 57F132A027B3825200146A63 /* OddsConverterView.swift */; };
		57F132A327B385F300146A63 /* AmericanOddPicker.swift in Sources */ = {isa = PBXBuildFile; fileRef = 57F132A227B385F300146A63 /* AmericanOddPicker.swift */; };
		57F132A527B3890400146A63 /* LayStakeRequiredView.swift in Sources */ = {isa = PBXBuildFile; fileRef = 57F132A427B3890300146A63 /* LayStakeRequiredView.swift */; };
/* End PBXBuildFile section */

/* Begin PBXContainerItemProxy section */
		57DE16E127AE485C006C44DB /* PBXContainerItemProxy */ = {
			isa = PBXContainerItemProxy;
			containerPortal = 57DE16C827AE485C006C44DB /* Project object */;
			proxyType = 1;
			remoteGlobalIDString = 57DE16CF27AE485C006C44DB;
			remoteInfo = "Codex-Betting";
		};
		57DE16EB27AE485C006C44DB /* PBXContainerItemProxy */ = {
			isa = PBXContainerItemProxy;
			containerPortal = 57DE16C827AE485C006C44DB /* Project object */;
			proxyType = 1;
			remoteGlobalIDString = 57DE16CF27AE485C006C44DB;
			remoteInfo = "Codex-Betting";
		};
/* End PBXContainerItemProxy section */

/* Begin PBXFileReference section */
		5704561227C0A205005E3CCB /* CodexTextField.swift */ = {isa = PBXFileReference; lastKnownFileType = sourcecode.swift; path = CodexTextField.swift; sourceTree = "<group>"; };
		5704561827C0A4F0005E3CCB /* UIApplication+ext.swift */ = {isa = PBXFileReference; lastKnownFileType = sourcecode.swift; path = "UIApplication+ext.swift"; sourceTree = "<group>"; };
		5704561A27C0A971005E3CCB /* OddsInput.swift */ = {isa = PBXFileReference; lastKnownFileType = sourcecode.swift; path = OddsInput.swift; sourceTree = "<group>"; };
		5704561C27C0ADDB005E3CCB /* DatesInput.swift */ = {isa = PBXFileReference; lastKnownFileType = sourcecode.swift; path = DatesInput.swift; sourceTree = "<group>"; };
		5704561E27C0AF43005E3CCB /* MatchedBettingGameFormHeader.swift */ = {isa = PBXFileReference; lastKnownFileType = sourcecode.swift; path = MatchedBettingGameFormHeader.swift; sourceTree = "<group>"; };
		5704562127C0B233005E3CCB /* MatchSelectionController.swift */ = {isa = PBXFileReference; lastKnownFileType = sourcecode.swift; path = MatchSelectionController.swift; sourceTree = "<group>"; };
		5709982E27B16BB700D8FCFB /* MultiOptionSelectorView.swift */ = {isa = PBXFileReference; lastKnownFileType = sourcecode.swift; path = MultiOptionSelectorView.swift; sourceTree = "<group>"; };
		5709983027B16BEE00D8FCFB /* MatchBettingGameOption.swift */ = {isa = PBXFileReference; lastKnownFileType = sourcecode.swift; path = MatchBettingGameOption.swift; sourceTree = "<group>"; };
		5709983227B16D0A00D8FCFB /* OptionCircle.swift */ = {isa = PBXFileReference; lastKnownFileType = sourcecode.swift; path = OptionCircle.swift; sourceTree = "<group>"; };
		570F703D27F40B2D0016EDB9 /* WhatsappUtils.swift */ = {isa = PBXFileReference; lastKnownFileType = sourcecode.swift; path = WhatsappUtils.swift; sourceTree = "<group>"; };
		570F703F27F415F00016EDB9 /* Date+ext.swift */ = {isa = PBXFileReference; lastKnownFileType = sourcecode.swift; path = "Date+ext.swift"; sourceTree = "<group>"; };
		5719B5AB27F90A970021237E /* MatchedBettingCalculatorViewModel.swift */ = {isa = PBXFileReference; lastKnownFileType = sourcecode.swift; path = MatchedBettingCalculatorViewModel.swift; sourceTree = "<group>"; };
		5719B5AF27F90FD50021237E /* CalculatorSelectorView.swift */ = {isa = PBXFileReference; lastKnownFileType = sourcecode.swift; path = CalculatorSelectorView.swift; sourceTree = "<group>"; };
		5719B5B127F9100C0021237E /* CalculatorSelection.swift */ = {isa = PBXFileReference; lastKnownFileType = sourcecode.swift; path = CalculatorSelection.swift; sourceTree = "<group>"; };
		5719B5B327F9119B0021237E /* CalculatorOptionView.swift */ = {isa = PBXFileReference; lastKnownFileType = sourcecode.swift; path = CalculatorOptionView.swift; sourceTree = "<group>"; };
		5719B5B527F9161E0021237E /* CalculatorBrain.swift */ = {isa = PBXFileReference; lastKnownFileType = sourcecode.swift; path = CalculatorBrain.swift; sourceTree = "<group>"; };
		5719B5B727FA51D80021237E /* String+ext.swift */ = {isa = PBXFileReference; lastKnownFileType = sourcecode.swift; path = "String+ext.swift"; sourceTree = "<group>"; };
		571F997827C2018800F271C3 /* BackgroundContent.swift */ = {isa = PBXFileReference; lastKnownFileType = sourcecode.swift; path = BackgroundContent.swift; sourceTree = "<group>"; };
		571F99A127C34D0100F271C3 /* ContinueButton.swift */ = {isa = PBXFileReference; lastKnownFileType = sourcecode.swift; path = ContinueButton.swift; sourceTree = "<group>"; };
		57268B0F27AF80CB0082ECF6 /* Colors.swift */ = {isa = PBXFileReference; lastKnownFileType = sourcecode.swift; path = Colors.swift; sourceTree = "<group>"; };
		57268B1327AF84060082ECF6 /* Launch Screen.storyboard */ = {isa = PBXFileReference; lastKnownFileType = file.storyboard; path = "Launch Screen.storyboard"; sourceTree = "<group>"; };
		57268B1627AF87950082ECF6 /* Grotesk-Regular.ttf */ = {isa = PBXFileReference; lastKnownFileType = file; path = "Grotesk-Regular.ttf"; sourceTree = "<group>"; };
		57268B1727AF87A30082ECF6 /* Grotesk-Light.ttf */ = {isa = PBXFileReference; lastKnownFileType = file; path = "Grotesk-Light.ttf"; sourceTree = "<group>"; };
		57268B1827AF87AB0082ECF6 /* Grotesk-Bold.ttf */ = {isa = PBXFileReference; lastKnownFileType = file; path = "Grotesk-Bold.ttf"; sourceTree = "<group>"; };
		57268B1927AF87E90082ECF6 /* Info.plist */ = {isa = PBXFileReference; lastKnownFileType = text.plist; path = Info.plist; sourceTree = "<group>"; };
		57268B1E27AF8C370082ECF6 /* HKGrotesk.swift */ = {isa = PBXFileReference; lastKnownFileType = sourcecode.swift; path = HKGrotesk.swift; sourceTree = "<group>"; };
		57268B2127AF8FCC0082ECF6 /* MainView.swift */ = {isa = PBXFileReference; lastKnownFileType = sourcecode.swift; path = MainView.swift; sourceTree = "<group>"; };
		57268B2427AF90CE0082ECF6 /* InformationCardView.swift */ = {isa = PBXFileReference; lastKnownFileType = sourcecode.swift; path = InformationCardView.swift; sourceTree = "<group>"; };
		57268B2627AF91A90082ECF6 /* CustomDivider.swift */ = {isa = PBXFileReference; lastKnownFileType = sourcecode.swift; path = CustomDivider.swift; sourceTree = "<group>"; };
		57268B2827AF971A0082ECF6 /* InformationCards.swift */ = {isa = PBXFileReference; lastKnownFileType = sourcecode.swift; path = InformationCards.swift; sourceTree = "<group>"; };
		572746B127B0D69E00A3CF06 /* ToolsView.swift */ = {isa = PBXFileReference; lastKnownFileType = sourcecode.swift; path = ToolsView.swift; sourceTree = "<group>"; };
		572746B327B0D85B00A3CF06 /* ToolsCards.swift */ = {isa = PBXFileReference; lastKnownFileType = sourcecode.swift; path = ToolsCards.swift; sourceTree = "<group>"; };
		572746B527B0D9A600A3CF06 /* CourseVideoCardView.swift */ = {isa = PBXFileReference; lastKnownFileType = sourcecode.swift; path = CourseVideoCardView.swift; sourceTree = "<group>"; };
		572746B727B0DBC300A3CF06 /* LessonsView.swift */ = {isa = PBXFileReference; lastKnownFileType = sourcecode.swift; path = LessonsView.swift; sourceTree = "<group>"; };
		572746BC27B0DD6E00A3CF06 /* CircleWithNumber.swift */ = {isa = PBXFileReference; lastKnownFileType = sourcecode.swift; path = CircleWithNumber.swift; sourceTree = "<group>"; };
		572746BE27B0DE7300A3CF06 /* LessonCards.swift */ = {isa = PBXFileReference; lastKnownFileType = sourcecode.swift; path = LessonCards.swift; sourceTree = "<group>"; };
		572746C027B0DF4100A3CF06 /* RecommendationView.swift */ = {isa = PBXFileReference; lastKnownFileType = sourcecode.swift; path = RecommendationView.swift; sourceTree = "<group>"; };
		572746C227B0E07400A3CF06 /* LeadingTitle.swift */ = {isa = PBXFileReference; lastKnownFileType = sourcecode.swift; path = LeadingTitle.swift; sourceTree = "<group>"; };
		572746C427B0E31600A3CF06 /* LeadingText.swift */ = {isa = PBXFileReference; lastKnownFileType = sourcecode.swift; path = LeadingText.swift; sourceTree = "<group>"; };
		572746C727B0E46300A3CF06 /* RecommendationList.swift */ = {isa = PBXFileReference; lastKnownFileType = sourcecode.swift; path = RecommendationList.swift; sourceTree = "<group>"; };
		572746C927B0E53C00A3CF06 /* MatchedBettingGameForm.swift */ = {isa = PBXFileReference; lastKnownFileType = sourcecode.swift; path = MatchedBettingGameForm.swift; sourceTree = "<group>"; };
		572B278B27EDFC1700F8E66C /* VerifyBetSelectorView.swift */ = {isa = PBXFileReference; lastKnownFileType = sourcecode.swift; path = VerifyBetSelectorView.swift; sourceTree = "<group>"; };
		572B278D27EDFC5E00F8E66C /* VerifySelectionController.swift */ = {isa = PBXFileReference; lastKnownFileType = sourcecode.swift; path = VerifySelectionController.swift; sourceTree = "<group>"; };
		572B278F27EDFD3F00F8E66C /* VerifyBetOptionView.swift */ = {isa = PBXFileReference; lastKnownFileType = sourcecode.swift; path = VerifyBetOptionView.swift; sourceTree = "<group>"; };
		572B279127EDFF4B00F8E66C /* VerifyBetOptionsViewModel.swift */ = {isa = PBXFileReference; lastKnownFileType = sourcecode.swift; path = VerifyBetOptionsViewModel.swift; sourceTree = "<group>"; };
		572B279327EE031400F8E66C /* VerifyBetViewModel.swift */ = {isa = PBXFileReference; lastKnownFileType = sourcecode.swift; path = VerifyBetViewModel.swift; sourceTree = "<group>"; };
		572B279527EE03CF00F8E66C /* RequirementViewModel.swift */ = {isa = PBXFileReference; lastKnownFileType = sourcecode.swift; path = RequirementViewModel.swift; sourceTree = "<group>"; };
		572B279727EE1A5B00F8E66C /* RequirementsView.swift */ = {isa = PBXFileReference; lastKnownFileType = sourcecode.swift; path = RequirementsView.swift; sourceTree = "<group>"; };
		572B279927EE21D800F8E66C /* SuccessAlertView.swift */ = {isa = PBXFileReference; lastKnownFileType = sourcecode.swift; path = SuccessAlertView.swift; sourceTree = "<group>"; };
		5742F56327EC9965000A53DB /* LessonCardsViewModel.swift */ = {isa = PBXFileReference; lastKnownFileType = sourcecode.swift; path = LessonCardsViewModel.swift; sourceTree = "<group>"; };
		5742F56527EC9985000A53DB /* VideoCourseViewModel.swift */ = {isa = PBXFileReference; lastKnownFileType = sourcecode.swift; path = VideoCourseViewModel.swift; sourceTree = "<group>"; };
		5742F56727EC99E0000A53DB /* CourseVideoModel.swift */ = {isa = PBXFileReference; lastKnownFileType = sourcecode.swift; path = CourseVideoModel.swift; sourceTree = "<group>"; };
		5742F56A27EC9A61000A53DB /* VideoCourseRepository.swift */ = {isa = PBXFileReference; lastKnownFileType = sourcecode.swift; path = VideoCourseRepository.swift; sourceTree = "<group>"; };
		5742F56C27EC9EC0000A53DB /* CourseVideos.json */ = {isa = PBXFileReference; fileEncoding = 4; lastKnownFileType = text.json; path = CourseVideos.json; sourceTree = "<group>"; };
		5742F57027EC9F90000A53DB /* VideoDetailView.swift */ = {isa = PBXFileReference; lastKnownFileType = sourcecode.swift; path = VideoDetailView.swift; sourceTree = "<group>"; };
		5742F57227ECA0DF000A53DB /* VideoView.swift */ = {isa = PBXFileReference; lastKnownFileType = sourcecode.swift; path = VideoView.swift; sourceTree = "<group>"; };
		576F42B027B235F50041E597 /* LayBetView.swift */ = {isa = PBXFileReference; lastKnownFileType = sourcecode.swift; path = LayBetView.swift; sourceTree = "<group>"; };
		5773653D27B4756D00567244 /* BreakdownView.swift */ = {isa = PBXFileReference; lastKnownFileType = sourcecode.swift; path = BreakdownView.swift; sourceTree = "<group>"; };
		5773653F27B477FC00567244 /* BreakdownRow.swift */ = {isa = PBXFileReference; lastKnownFileType = sourcecode.swift; path = BreakdownRow.swift; sourceTree = "<group>"; };
		5773654127B47AE600567244 /* BreakdownResultRow.swift */ = {isa = PBXFileReference; lastKnownFileType = sourcecode.swift; path = BreakdownResultRow.swift; sourceTree = "<group>"; };
		5773654327B47DE600567244 /* ResultView.swift */ = {isa = PBXFileReference; lastKnownFileType = sourcecode.swift; path = ResultView.swift; sourceTree = "<group>"; };
		5773654627B4CA3200567244 /* ImageConstants.swift */ = {isa = PBXFileReference; lastKnownFileType = sourcecode.swift; path = ImageConstants.swift; sourceTree = "<group>"; };
		5773654927B4CA8300567244 /* MainViewModel.swift */ = {isa = PBXFileReference; lastKnownFileType = sourcecode.swift; path = MainViewModel.swift; sourceTree = "<group>"; };
		5773654B27B4CBF400567244 /* InformationCardsViewModel.swift */ = {isa = PBXFileReference; lastKnownFileType = sourcecode.swift; path = InformationCardsViewModel.swift; sourceTree = "<group>"; };
		5773654D27B4CD6E00567244 /* InformationCardViewModel.swift */ = {isa = PBXFileReference; lastKnownFileType = sourcecode.swift; path = InformationCardViewModel.swift; sourceTree = "<group>"; };
		5773655027B4D23C00567244 /* DataService.swift */ = {isa = PBXFileReference; lastKnownFileType = sourcecode.swift; path = DataService.swift; sourceTree = "<group>"; };
		5773655327B4D25E00567244 /* InformationCardModel.swift */ = {isa = PBXFileReference; lastKnownFileType = sourcecode.swift; path = InformationCardModel.swift; sourceTree = "<group>"; };
		5773655527B4D3F700567244 /* TextConstants.swift */ = {isa = PBXFileReference; lastKnownFileType = sourcecode.swift; path = TextConstants.swift; sourceTree = "<group>"; };
		5773655727B4DA8A00567244 /* URLConstants.swift */ = {isa = PBXFileReference; lastKnownFileType = sourcecode.swift; path = URLConstants.swift; sourceTree = "<group>"; };
		5776DBC027C5E0E2001A3419 /* CustomerServiceManager.swift */ = {isa = PBXFileReference; lastKnownFileType = sourcecode.swift; path = CustomerServiceManager.swift; sourceTree = "<group>"; };
		57803F6F28033C3600B17EE1 /* Double+ext.swift */ = {isa = PBXFileReference; lastKnownFileType = sourcecode.swift; path = "Double+ext.swift"; sourceTree = "<group>"; };
		57803F712807A51900B17EE1 /* OddsConverterViewModel.swift */ = {isa = PBXFileReference; lastKnownFileType = sourcecode.swift; path = OddsConverterViewModel.swift; sourceTree = "<group>"; };
		57803F732807B9D100B17EE1 /* AmericanOddType.swift */ = {isa = PBXFileReference; lastKnownFileType = sourcecode.swift; path = AmericanOddType.swift; sourceTree = "<group>"; };
		57803F752807D80E00B17EE1 /* OpenVerifyBetButton.swift */ = {isa = PBXFileReference; lastKnownFileType = sourcecode.swift; path = OpenVerifyBetButton.swift; sourceTree = "<group>"; };
		57803F772808530200B17EE1 /* QuestionsView.swift */ = {isa = PBXFileReference; lastKnownFileType = sourcecode.swift; path = QuestionsView.swift; sourceTree = "<group>"; };
		57803F792808555700B17EE1 /* AllQuestionCardsView.swift */ = {isa = PBXFileReference; lastKnownFileType = sourcecode.swift; path = AllQuestionCardsView.swift; sourceTree = "<group>"; };
		57803F7B280855FA00B17EE1 /* QuestionCardsViewModel.swift */ = {isa = PBXFileReference; lastKnownFileType = sourcecode.swift; path = QuestionCardsViewModel.swift; sourceTree = "<group>"; };
		57803F7D2808564800B17EE1 /* QuestionModel.swift */ = {isa = PBXFileReference; lastKnownFileType = sourcecode.swift; path = QuestionModel.swift; sourceTree = "<group>"; };
		57803F7F280856EC00B17EE1 /* QuestionViewModel.swift */ = {isa = PBXFileReference; lastKnownFileType = sourcecode.swift; path = QuestionViewModel.swift; sourceTree = "<group>"; };
		57803F81280858EC00B17EE1 /* QuestionCardView.swift */ = {isa = PBXFileReference; lastKnownFileType = sourcecode.swift; path = QuestionCardView.swift; sourceTree = "<group>"; };
		57803F832809AFDE00B17EE1 /* QuestionDetail.swift */ = {isa = PBXFileReference; lastKnownFileType = sourcecode.swift; path = QuestionDetail.swift; sourceTree = "<group>"; };
		57803F852809B22A00B17EE1 /* LogInView.swift */ = {isa = PBXFileReference; lastKnownFileType = sourcecode.swift; path = LogInView.swift; sourceTree = "<group>"; };
		57803F87280A2B3300B17EE1 /* RegisterView.swift */ = {isa = PBXFileReference; lastKnownFileType = sourcecode.swift; path = RegisterView.swift; sourceTree = "<group>"; };
		57803F89280A2ED100B17EE1 /* UnderlinedButton.swift */ = {isa = PBXFileReference; lastKnownFileType = sourcecode.swift; path = UnderlinedButton.swift; sourceTree = "<group>"; };
		57803F8B280A39C000B17EE1 /* GoogleButton.swift */ = {isa = PBXFileReference; lastKnownFileType = sourcecode.swift; path = GoogleButton.swift; sourceTree = "<group>"; };
		57803F8D280A3CD500B17EE1 /* ForgetPasswordView.swift */ = {isa = PBXFileReference; lastKnownFileType = sourcecode.swift; path = ForgetPasswordView.swift; sourceTree = "<group>"; };
		57803F8F280A745500B17EE1 /* MenuButton.swift */ = {isa = PBXFileReference; lastKnownFileType = sourcecode.swift; path = MenuButton.swift; sourceTree = "<group>"; };
		57803F91280A755000B17EE1 /* MenuView.swift */ = {isa = PBXFileReference; lastKnownFileType = sourcecode.swift; path = MenuView.swift; sourceTree = "<group>"; };
		57803F93280A779F00B17EE1 /* MenuOptionView.swift */ = {isa = PBXFileReference; lastKnownFileType = sourcecode.swift; path = MenuOptionView.swift; sourceTree = "<group>"; };
		57803F95280A7AF900B17EE1 /* RootView.swift */ = {isa = PBXFileReference; lastKnownFileType = sourcecode.swift; path = RootView.swift; sourceTree = "<group>"; };
		57803F99280A7B7000B17EE1 /* MenuManager.swift */ = {isa = PBXFileReference; lastKnownFileType = sourcecode.swift; path = MenuManager.swift; sourceTree = "<group>"; };
		578B104927ED36560093DA26 /* BackButtonView.swift */ = {isa = PBXFileReference; lastKnownFileType = sourcecode.swift; path = BackButtonView.swift; sourceTree = "<group>"; };
		578B104B27ED377E0093DA26 /* FootnoteView.swift */ = {isa = PBXFileReference; lastKnownFileType = sourcecode.swift; path = FootnoteView.swift; sourceTree = "<group>"; };
		579646B0282F25CA0059F828 /* UserRepository.swift */ = {isa = PBXFileReference; lastKnownFileType = sourcecode.swift; path = UserRepository.swift; sourceTree = "<group>"; };
		579646B3282F2ED20059F828 /* GlobalState.swift */ = {isa = PBXFileReference; lastKnownFileType = sourcecode.swift; path = GlobalState.swift; sourceTree = "<group>"; };
		579646B5282F2F040059F828 /* UserSession.swift */ = {isa = PBXFileReference; lastKnownFileType = sourcecode.swift; path = UserSession.swift; sourceTree = "<group>"; };
		579646B7282F32A20059F828 /* RootViewModel.swift */ = {isa = PBXFileReference; lastKnownFileType = sourcecode.swift; path = RootViewModel.swift; sourceTree = "<group>"; };
		579646BB282F348C0059F828 /* CompleteLoaderView.swift */ = {isa = PBXFileReference; lastKnownFileType = sourcecode.swift; path = CompleteLoaderView.swift; sourceTree = "<group>"; };
		579646C32830AC3F0059F828 /* UserDatabaseModel.swift */ = {isa = PBXFileReference; lastKnownFileType = sourcecode.swift; path = UserDatabaseModel.swift; sourceTree = "<group>"; };
		579646C52830AD6C0059F828 /* UserDatabase.swift */ = {isa = PBXFileReference; lastKnownFileType = sourcecode.swift; path = UserDatabase.swift; sourceTree = "<group>"; };
		579646C82830B2530059F828 /* UserModelAdapter.swift */ = {isa = PBXFileReference; lastKnownFileType = sourcecode.swift; path = UserModelAdapter.swift; sourceTree = "<group>"; };
		579646CA2830BCC60059F828 /* MenuViewModel.swift */ = {isa = PBXFileReference; lastKnownFileType = sourcecode.swift; path = MenuViewModel.swift; sourceTree = "<group>"; };
		579646CD28316F790059F828 /* UserModel.swift */ = {isa = PBXFileReference; lastKnownFileType = sourcecode.swift; path = UserModel.swift; sourceTree = "<group>"; };
		579646D0283171A90059F828 /* UserNetwork.swift */ = {isa = PBXFileReference; lastKnownFileType = sourcecode.swift; path = UserNetwork.swift; sourceTree = "<group>"; };
		5796577727B0E6020084ADDA /* CloseButton.swift */ = {isa = PBXFileReference; lastKnownFileType = sourcecode.swift; path = CloseButton.swift; sourceTree = "<group>"; };
		5796577927B0E82A0084ADDA /* LockFeatureView.swift */ = {isa = PBXFileReference; lastKnownFileType = sourcecode.swift; path = LockFeatureView.swift; sourceTree = "<group>"; };
		579C6C6E282C842600C00422 /* LogInViewModel.swift */ = {isa = PBXFileReference; lastKnownFileType = sourcecode.swift; path = LogInViewModel.swift; sourceTree = "<group>"; };
		579C6C70282CB91A00C00422 /* ForgetPasswordViewModel.swift */ = {isa = PBXFileReference; lastKnownFileType = sourcecode.swift; path = ForgetPasswordViewModel.swift; sourceTree = "<group>"; };
		579C6C72282CBC7B00C00422 /* RegisterViewModel.swift */ = {isa = PBXFileReference; lastKnownFileType = sourcecode.swift; path = RegisterViewModel.swift; sourceTree = "<group>"; };
		579C6C76282CC4A800C00422 /* LegalView.swift */ = {isa = PBXFileReference; lastKnownFileType = sourcecode.swift; path = LegalView.swift; sourceTree = "<group>"; };
		579C6C78282DDDF600C00422 /* GoogleService-Info.plist */ = {isa = PBXFileReference; fileEncoding = 4; lastKnownFileType = text.plist.xml; path = "GoogleService-Info.plist"; sourceTree = "<group>"; };
		579C6C81282DE0D800C00422 /* AuthManager.swift */ = {isa = PBXFileReference; lastKnownFileType = sourcecode.swift; path = AuthManager.swift; sourceTree = "<group>"; };
		57B290A427BCBB8D008DBBDC /* RecommendationListViewModel.swift */ = {isa = PBXFileReference; lastKnownFileType = sourcecode.swift; path = RecommendationListViewModel.swift; sourceTree = "<group>"; };
		57B290A627BCBF6E008DBBDC /* RecommendationViewModel.swift */ = {isa = PBXFileReference; lastKnownFileType = sourcecode.swift; path = RecommendationViewModel.swift; sourceTree = "<group>"; };
		57B290A827BCC231008DBBDC /* MatchedBettingGameFormViewModel.swift */ = {isa = PBXFileReference; lastKnownFileType = sourcecode.swift; path = MatchedBettingGameFormViewModel.swift; sourceTree = "<group>"; };
		57B49BE72814F645006C325D /* TestTextField.swift */ = {isa = PBXFileReference; lastKnownFileType = sourcecode.swift; path = TestTextField.swift; sourceTree = "<group>"; };
		57BF88FC27F170B200745719 /* MatchRequestsManager.swift */ = {isa = PBXFileReference; lastKnownFileType = sourcecode.swift; path = MatchRequestsManager.swift; sourceTree = "<group>"; };
		57D2FB6727B423DF0023B359 /* LiabilityView.swift */ = {isa = PBXFileReference; lastKnownFileType = sourcecode.swift; path = LiabilityView.swift; sourceTree = "<group>"; };
		57D2FB6927B4254A0023B359 /* CopyToClipboardButton.swift */ = {isa = PBXFileReference; lastKnownFileType = sourcecode.swift; path = CopyToClipboardButton.swift; sourceTree = "<group>"; };
		57DE16D027AE485C006C44DB /* Codex-Betting.app */ = {isa = PBXFileReference; explicitFileType = wrapper.application; includeInIndex = 0; path = "Codex-Betting.app"; sourceTree = BUILT_PRODUCTS_DIR; };
		57DE16D327AE485C006C44DB /* Codex_BettingApp.swift */ = {isa = PBXFileReference; lastKnownFileType = sourcecode.swift; path = Codex_BettingApp.swift; sourceTree = "<group>"; };
		57DE16D527AE485C006C44DB /* ContentView.swift */ = {isa = PBXFileReference; lastKnownFileType = sourcecode.swift; path = ContentView.swift; sourceTree = "<group>"; };
		57DE16D727AE485C006C44DB /* Assets.xcassets */ = {isa = PBXFileReference; lastKnownFileType = folder.assetcatalog; path = Assets.xcassets; sourceTree = "<group>"; };
		57DE16DA27AE485C006C44DB /* Preview Assets.xcassets */ = {isa = PBXFileReference; lastKnownFileType = folder.assetcatalog; path = "Preview Assets.xcassets"; sourceTree = "<group>"; };
		57DE16E027AE485C006C44DB /* Codex-BettingTests.xctest */ = {isa = PBXFileReference; explicitFileType = wrapper.cfbundle; includeInIndex = 0; path = "Codex-BettingTests.xctest"; sourceTree = BUILT_PRODUCTS_DIR; };
		57DE16E427AE485C006C44DB /* Codex_BettingTests.swift */ = {isa = PBXFileReference; lastKnownFileType = sourcecode.swift; path = Codex_BettingTests.swift; sourceTree = "<group>"; };
		57DE16EA27AE485C006C44DB /* Codex-BettingUITests.xctest */ = {isa = PBXFileReference; explicitFileType = wrapper.cfbundle; includeInIndex = 0; path = "Codex-BettingUITests.xctest"; sourceTree = BUILT_PRODUCTS_DIR; };
		57DE16EE27AE485C006C44DB /* Codex_BettingUITests.swift */ = {isa = PBXFileReference; lastKnownFileType = sourcecode.swift; path = Codex_BettingUITests.swift; sourceTree = "<group>"; };
		57DE16F027AE485C006C44DB /* Codex_BettingUITestsLaunchTests.swift */ = {isa = PBXFileReference; lastKnownFileType = sourcecode.swift; path = Codex_BettingUITestsLaunchTests.swift; sourceTree = "<group>"; };
		57E8C3C827B8D64F0058A7FA /* CodexToolBar.swift */ = {isa = PBXFileReference; lastKnownFileType = sourcecode.swift; path = CodexToolBar.swift; sourceTree = "<group>"; };
		57E8C3CA27B8DFE20058A7FA /* ToolCardsViewModel.swift */ = {isa = PBXFileReference; lastKnownFileType = sourcecode.swift; path = ToolCardsViewModel.swift; sourceTree = "<group>"; };
		57E8C3CC27BBE7DF0058A7FA /* NormalText.swift */ = {isa = PBXFileReference; lastKnownFileType = sourcecode.swift; path = NormalText.swift; sourceTree = "<group>"; };
		57EC9C1A27B21F2D0083DD83 /* VerifyBetView.swift */ = {isa = PBXFileReference; lastKnownFileType = sourcecode.swift; path = VerifyBetView.swift; sourceTree = "<group>"; };
		57EC9C1C27B21FD60083DD83 /* RequirementWithCheckboxView.swift */ = {isa = PBXFileReference; lastKnownFileType = sourcecode.swift; path = RequirementWithCheckboxView.swift; sourceTree = "<group>"; };
		57EC9C1E27B220930083DD83 /* Checkbox.swift */ = {isa = PBXFileReference; lastKnownFileType = sourcecode.swift; path = Checkbox.swift; sourceTree = "<group>"; };
		57EC9C2027B2253E0083DD83 /* VerifyBetOptionsView.swift */ = {isa = PBXFileReference; lastKnownFileType = sourcecode.swift; path = VerifyBetOptionsView.swift; sourceTree = "<group>"; };
		57EC9C2227B227360083DD83 /* CustomTextField.swift */ = {isa = PBXFileReference; lastKnownFileType = sourcecode.swift; path = CustomTextField.swift; sourceTree = "<group>"; };
		57EC9C2427B230A40083DD83 /* MatchedBettingCalculatorView.swift */ = {isa = PBXFileReference; lastKnownFileType = sourcecode.swift; path = MatchedBettingCalculatorView.swift; sourceTree = "<group>"; };
		57EC9C2627B2339A0083DD83 /* BackBetView.swift */ = {isa = PBXFileReference; lastKnownFileType = sourcecode.swift; path = BackBetView.swift; sourceTree = "<group>"; };
		57F132A027B3825200146A63 /* OddsConverterView.swift */ = {isa = PBXFileReference; lastKnownFileType = sourcecode.swift; path = OddsConverterView.swift; sourceTree = "<group>"; };
		57F132A227B385F300146A63 /* AmericanOddPicker.swift */ = {isa = PBXFileReference; lastKnownFileType = sourcecode.swift; path = AmericanOddPicker.swift; sourceTree = "<group>"; };
		57F132A427B3890300146A63 /* LayStakeRequiredView.swift */ = {isa = PBXFileReference; lastKnownFileType = sourcecode.swift; path = LayStakeRequiredView.swift; sourceTree = "<group>"; };
/* End PBXFileReference section */

/* Begin PBXFrameworksBuildPhase section */
		57DE16CD27AE485C006C44DB /* Frameworks */ = {
			isa = PBXFrameworksBuildPhase;
			buildActionMask = 2147483647;
			files = (
				579646C1283065CA0059F828 /* RealmSwift in Frameworks */,
				579C6C7C282DDF8800C00422 /* FirebaseAuth in Frameworks */,
				579C6C85282DEFA800C00422 /* GoogleSignIn in Frameworks */,
				579C6C7E282DDF8800C00422 /* FirebaseFirestore in Frameworks */,
				579C6C80282DDF8800C00422 /* FirebaseFirestoreSwift in Frameworks */,
				579646BF283065CA0059F828 /* Realm in Frameworks */,
			);
			runOnlyForDeploymentPostprocessing = 0;
		};
		57DE16DD27AE485C006C44DB /* Frameworks */ = {
			isa = PBXFrameworksBuildPhase;
			buildActionMask = 2147483647;
			files = (
			);
			runOnlyForDeploymentPostprocessing = 0;
		};
		57DE16E727AE485C006C44DB /* Frameworks */ = {
			isa = PBXFrameworksBuildPhase;
			buildActionMask = 2147483647;
			files = (
			);
			runOnlyForDeploymentPostprocessing = 0;
		};
/* End PBXFrameworksBuildPhase section */

/* Begin PBXGroup section */
		5704562027C0B1E4005E3CCB /* Enums */ = {
			isa = PBXGroup;
			children = (
				5704562127C0B233005E3CCB /* MatchSelectionController.swift */,
				572B278D27EDFC5E00F8E66C /* VerifySelectionController.swift */,
				5719B5B127F9100C0021237E /* CalculatorSelection.swift */,
				57803F732807B9D100B17EE1 /* AmericanOddType.swift */,
			);
			path = Enums;
			sourceTree = "<group>";
		};
		57268B0E27AF80B70082ECF6 /* Resources */ = {
			isa = PBXGroup;
			children = (
				57268B1127AF80D40082ECF6 /* Design system */,
			);
			path = Resources;
			sourceTree = "<group>";
		};
		57268B1127AF80D40082ECF6 /* Design system */ = {
			isa = PBXGroup;
			children = (
				57268B1527AF87830082ECF6 /* Fonts */,
				57268B1227AF82940082ECF6 /* Colors */,
			);
			path = "Design system";
			sourceTree = "<group>";
		};
		57268B1227AF82940082ECF6 /* Colors */ = {
			isa = PBXGroup;
			children = (
				57268B0F27AF80CB0082ECF6 /* Colors.swift */,
			);
			path = Colors;
			sourceTree = "<group>";
		};
		57268B1527AF87830082ECF6 /* Fonts */ = {
			isa = PBXGroup;
			children = (
				57268B1727AF87A30082ECF6 /* Grotesk-Light.ttf */,
				57268B1627AF87950082ECF6 /* Grotesk-Regular.ttf */,
				57268B1827AF87AB0082ECF6 /* Grotesk-Bold.ttf */,
				57268B1E27AF8C370082ECF6 /* HKGrotesk.swift */,
			);
			path = Fonts;
			sourceTree = "<group>";
		};
		57268B2027AF8E4E0082ECF6 /* Screens */ = {
			isa = PBXGroup;
			children = (
				57268B2127AF8FCC0082ECF6 /* MainView.swift */,
				572746B127B0D69E00A3CF06 /* ToolsView.swift */,
				572746B727B0DBC300A3CF06 /* LessonsView.swift */,
				572746C027B0DF4100A3CF06 /* RecommendationView.swift */,
				572746C927B0E53C00A3CF06 /* MatchedBettingGameForm.swift */,
				57EC9C1A27B21F2D0083DD83 /* VerifyBetView.swift */,
				57EC9C2027B2253E0083DD83 /* VerifyBetOptionsView.swift */,
				57EC9C2427B230A40083DD83 /* MatchedBettingCalculatorView.swift */,
				57F132A027B3825200146A63 /* OddsConverterView.swift */,
				5742F57027EC9F90000A53DB /* VideoDetailView.swift */,
				5742F57227ECA0DF000A53DB /* VideoView.swift */,
				57803F772808530200B17EE1 /* QuestionsView.swift */,
				57803F832809AFDE00B17EE1 /* QuestionDetail.swift */,
				57803F852809B22A00B17EE1 /* LogInView.swift */,
				57803F87280A2B3300B17EE1 /* RegisterView.swift */,
				57803F8D280A3CD500B17EE1 /* ForgetPasswordView.swift */,
				57803F91280A755000B17EE1 /* MenuView.swift */,
				57803F95280A7AF900B17EE1 /* RootView.swift */,
				579C6C76282CC4A800C00422 /* LegalView.swift */,
			);
			path = Screens;
			sourceTree = "<group>";
		};
		57268B2327AF8FDE0082ECF6 /* Views */ = {
			isa = PBXGroup;
			children = (
				572746C627B0E44300A3CF06 /* Lists */,
				572746BA27B0DC2600A3CF06 /* Shared */,
				572746B927B0DC1800A3CF06 /* Cards */,
			);
			path = Views;
			sourceTree = "<group>";
		};
		572746B927B0DC1800A3CF06 /* Cards */ = {
			isa = PBXGroup;
			children = (
				57268B2827AF971A0082ECF6 /* InformationCards.swift */,
				57268B2427AF90CE0082ECF6 /* InformationCardView.swift */,
				572746B527B0D9A600A3CF06 /* CourseVideoCardView.swift */,
				572746B327B0D85B00A3CF06 /* ToolsCards.swift */,
				572746BE27B0DE7300A3CF06 /* LessonCards.swift */,
				5796577927B0E82A0084ADDA /* LockFeatureView.swift */,
				57803F792808555700B17EE1 /* AllQuestionCardsView.swift */,
				57803F81280858EC00B17EE1 /* QuestionCardView.swift */,
			);
			path = Cards;
			sourceTree = "<group>";
		};
		572746BA27B0DC2600A3CF06 /* Shared */ = {
			isa = PBXGroup;
			children = (
				571F99A127C34D0100F271C3 /* ContinueButton.swift */,
				57268B2627AF91A90082ECF6 /* CustomDivider.swift */,
				572746BC27B0DD6E00A3CF06 /* CircleWithNumber.swift */,
				572746C227B0E07400A3CF06 /* LeadingTitle.swift */,
				572746C427B0E31600A3CF06 /* LeadingText.swift */,
				5796577727B0E6020084ADDA /* CloseButton.swift */,
				5709982E27B16BB700D8FCFB /* MultiOptionSelectorView.swift */,
				5709983027B16BEE00D8FCFB /* MatchBettingGameOption.swift */,
				5709983227B16D0A00D8FCFB /* OptionCircle.swift */,
				57EC9C1C27B21FD60083DD83 /* RequirementWithCheckboxView.swift */,
				57EC9C1E27B220930083DD83 /* Checkbox.swift */,
				57EC9C2227B227360083DD83 /* CustomTextField.swift */,
				57EC9C2627B2339A0083DD83 /* BackBetView.swift */,
				576F42B027B235F50041E597 /* LayBetView.swift */,
				57F132A227B385F300146A63 /* AmericanOddPicker.swift */,
				57F132A427B3890300146A63 /* LayStakeRequiredView.swift */,
				57D2FB6727B423DF0023B359 /* LiabilityView.swift */,
				57D2FB6927B4254A0023B359 /* CopyToClipboardButton.swift */,
				5773653D27B4756D00567244 /* BreakdownView.swift */,
				5773653F27B477FC00567244 /* BreakdownRow.swift */,
				5773654127B47AE600567244 /* BreakdownResultRow.swift */,
				5773654327B47DE600567244 /* ResultView.swift */,
				57E8C3C827B8D64F0058A7FA /* CodexToolBar.swift */,
				57E8C3CC27BBE7DF0058A7FA /* NormalText.swift */,
				5704561227C0A205005E3CCB /* CodexTextField.swift */,
				5704561A27C0A971005E3CCB /* OddsInput.swift */,
				5704561C27C0ADDB005E3CCB /* DatesInput.swift */,
				5704561E27C0AF43005E3CCB /* MatchedBettingGameFormHeader.swift */,
				571F997827C2018800F271C3 /* BackgroundContent.swift */,
				578B104927ED36560093DA26 /* BackButtonView.swift */,
				578B104B27ED377E0093DA26 /* FootnoteView.swift */,
				572B278B27EDFC1700F8E66C /* VerifyBetSelectorView.swift */,
				572B278F27EDFD3F00F8E66C /* VerifyBetOptionView.swift */,
				572B279727EE1A5B00F8E66C /* RequirementsView.swift */,
				572B279927EE21D800F8E66C /* SuccessAlertView.swift */,
				5719B5AF27F90FD50021237E /* CalculatorSelectorView.swift */,
				5719B5B327F9119B0021237E /* CalculatorOptionView.swift */,
				57803F752807D80E00B17EE1 /* OpenVerifyBetButton.swift */,
				57803F89280A2ED100B17EE1 /* UnderlinedButton.swift */,
				57803F8B280A39C000B17EE1 /* GoogleButton.swift */,
				57803F8F280A745500B17EE1 /* MenuButton.swift */,
				57803F93280A779F00B17EE1 /* MenuOptionView.swift */,
				57B49BE72814F645006C325D /* TestTextField.swift */,
				579646BB282F348C0059F828 /* CompleteLoaderView.swift */,
			);
			path = Shared;
			sourceTree = "<group>";
		};
		572746C627B0E44300A3CF06 /* Lists */ = {
			isa = PBXGroup;
			children = (
				572746C727B0E46300A3CF06 /* RecommendationList.swift */,
			);
			path = Lists;
			sourceTree = "<group>";
		};
		5742F56927EC9A38000A53DB /* Repository */ = {
			isa = PBXGroup;
			children = (
				5742F56A27EC9A61000A53DB /* VideoCourseRepository.swift */,
				579646B0282F25CA0059F828 /* UserRepository.swift */,
			);
			path = Repository;
			sourceTree = "<group>";
		};
		5773654527B4CA1B00567244 /* Utils */ = {
			isa = PBXGroup;
			children = (
				5773654627B4CA3200567244 /* ImageConstants.swift */,
				5773655527B4D3F700567244 /* TextConstants.swift */,
				5773655727B4DA8A00567244 /* URLConstants.swift */,
				5704561827C0A4F0005E3CCB /* UIApplication+ext.swift */,
				570F703D27F40B2D0016EDB9 /* WhatsappUtils.swift */,
				570F703F27F415F00016EDB9 /* Date+ext.swift */,
				5719B5B727FA51D80021237E /* String+ext.swift */,
				57803F6F28033C3600B17EE1 /* Double+ext.swift */,
			);
			path = Utils;
			sourceTree = "<group>";
		};
		5773654827B4CA7100567244 /* ViewModels */ = {
			isa = PBXGroup;
			children = (
				5773654927B4CA8300567244 /* MainViewModel.swift */,
				5773654B27B4CBF400567244 /* InformationCardsViewModel.swift */,
				5773654D27B4CD6E00567244 /* InformationCardViewModel.swift */,
				57E8C3CA27B8DFE20058A7FA /* ToolCardsViewModel.swift */,
				57B290A427BCBB8D008DBBDC /* RecommendationListViewModel.swift */,
				57B290A627BCBF6E008DBBDC /* RecommendationViewModel.swift */,
				57B290A827BCC231008DBBDC /* MatchedBettingGameFormViewModel.swift */,
				5742F56327EC9965000A53DB /* LessonCardsViewModel.swift */,
				5742F56527EC9985000A53DB /* VideoCourseViewModel.swift */,
				572B279127EDFF4B00F8E66C /* VerifyBetOptionsViewModel.swift */,
				572B279327EE031400F8E66C /* VerifyBetViewModel.swift */,
				572B279527EE03CF00F8E66C /* RequirementViewModel.swift */,
				5719B5AB27F90A970021237E /* MatchedBettingCalculatorViewModel.swift */,
				57803F712807A51900B17EE1 /* OddsConverterViewModel.swift */,
				57803F7B280855FA00B17EE1 /* QuestionCardsViewModel.swift */,
				57803F7F280856EC00B17EE1 /* QuestionViewModel.swift */,
				579C6C6E282C842600C00422 /* LogInViewModel.swift */,
				579C6C70282CB91A00C00422 /* ForgetPasswordViewModel.swift */,
				579C6C72282CBC7B00C00422 /* RegisterViewModel.swift */,
				579646B7282F32A20059F828 /* RootViewModel.swift */,
				579646CA2830BCC60059F828 /* MenuViewModel.swift */,
			);
			path = ViewModels;
			sourceTree = "<group>";
		};
		5773654F27B4D22000567244 /* DataService */ = {
			isa = PBXGroup;
			children = (
				5773655027B4D23C00567244 /* DataService.swift */,
				5742F56C27EC9EC0000A53DB /* CourseVideos.json */,
			);
			path = DataService;
			sourceTree = "<group>";
		};
		5773655227B4D24E00567244 /* Models */ = {
			isa = PBXGroup;
			children = (
				579646CC28316F610059F828 /* Network */,
				579646C22830AC2B0059F828 /* Database */,
				5773655327B4D25E00567244 /* InformationCardModel.swift */,
				5776DBC027C5E0E2001A3419 /* CustomerServiceManager.swift */,
				5742F56727EC99E0000A53DB /* CourseVideoModel.swift */,
				57BF88FC27F170B200745719 /* MatchRequestsManager.swift */,
				5719B5B527F9161E0021237E /* CalculatorBrain.swift */,
				57803F7D2808564800B17EE1 /* QuestionModel.swift */,
				579C6C81282DE0D800C00422 /* AuthManager.swift */,
				579646B5282F2F040059F828 /* UserSession.swift */,
				579646C52830AD6C0059F828 /* UserDatabase.swift */,
			);
			path = Models;
			sourceTree = "<group>";
		};
		57803F98280A7B5800B17EE1 /* Environment */ = {
			isa = PBXGroup;
			children = (
				57803F99280A7B7000B17EE1 /* MenuManager.swift */,
				579646B3282F2ED20059F828 /* GlobalState.swift */,
			);
			path = Environment;
			sourceTree = "<group>";
		};
		579646C22830AC2B0059F828 /* Database */ = {
			isa = PBXGroup;
			children = (
				579646C32830AC3F0059F828 /* UserDatabaseModel.swift */,
			);
			path = Database;
			sourceTree = "<group>";
		};
		579646C72830B23F0059F828 /* Adapter */ = {
			isa = PBXGroup;
			children = (
				579646C82830B2530059F828 /* UserModelAdapter.swift */,
			);
			path = Adapter;
			sourceTree = "<group>";
		};
		579646CC28316F610059F828 /* Network */ = {
			isa = PBXGroup;
			children = (
				579646CD28316F790059F828 /* UserModel.swift */,
			);
			path = Network;
			sourceTree = "<group>";
		};
		579646CF2831719D0059F828 /* Network */ = {
			isa = PBXGroup;
			children = (
				579646D0283171A90059F828 /* UserNetwork.swift */,
			);
			path = Network;
			sourceTree = "<group>";
		};
		57DE16C727AE485C006C44DB = {
			isa = PBXGroup;
			children = (
				57DE16D227AE485C006C44DB /* Codex-Betting */,
				57DE16E327AE485C006C44DB /* Codex-BettingTests */,
				57DE16ED27AE485C006C44DB /* Codex-BettingUITests */,
				57DE16D127AE485C006C44DB /* Products */,
			);
			sourceTree = "<group>";
		};
		57DE16D127AE485C006C44DB /* Products */ = {
			isa = PBXGroup;
			children = (
				57DE16D027AE485C006C44DB /* Codex-Betting.app */,
				57DE16E027AE485C006C44DB /* Codex-BettingTests.xctest */,
				57DE16EA27AE485C006C44DB /* Codex-BettingUITests.xctest */,
			);
			name = Products;
			sourceTree = "<group>";
		};
		57DE16D227AE485C006C44DB /* Codex-Betting */ = {
			isa = PBXGroup;
			children = (
				579646CF2831719D0059F828 /* Network */,
				579646C72830B23F0059F828 /* Adapter */,
				57803F98280A7B5800B17EE1 /* Environment */,
				5742F56927EC9A38000A53DB /* Repository */,
				5704562027C0B1E4005E3CCB /* Enums */,
				5773655227B4D24E00567244 /* Models */,
				5773654F27B4D22000567244 /* DataService */,
				5773654827B4CA7100567244 /* ViewModels */,
				5773654527B4CA1B00567244 /* Utils */,
				57268B2327AF8FDE0082ECF6 /* Views */,
				57268B2027AF8E4E0082ECF6 /* Screens */,
				57268B1927AF87E90082ECF6 /* Info.plist */,
				579C6C78282DDDF600C00422 /* GoogleService-Info.plist */,
				57268B0E27AF80B70082ECF6 /* Resources */,
				57DE16D327AE485C006C44DB /* Codex_BettingApp.swift */,
				57DE16D527AE485C006C44DB /* ContentView.swift */,
				57DE16D727AE485C006C44DB /* Assets.xcassets */,
				57DE16D927AE485C006C44DB /* Preview Content */,
				57268B1327AF84060082ECF6 /* Launch Screen.storyboard */,
			);
			path = "Codex-Betting";
			sourceTree = "<group>";
		};
		57DE16D927AE485C006C44DB /* Preview Content */ = {
			isa = PBXGroup;
			children = (
				57DE16DA27AE485C006C44DB /* Preview Assets.xcassets */,
			);
			path = "Preview Content";
			sourceTree = "<group>";
		};
		57DE16E327AE485C006C44DB /* Codex-BettingTests */ = {
			isa = PBXGroup;
			children = (
				57DE16E427AE485C006C44DB /* Codex_BettingTests.swift */,
			);
			path = "Codex-BettingTests";
			sourceTree = "<group>";
		};
		57DE16ED27AE485C006C44DB /* Codex-BettingUITests */ = {
			isa = PBXGroup;
			children = (
				57DE16EE27AE485C006C44DB /* Codex_BettingUITests.swift */,
				57DE16F027AE485C006C44DB /* Codex_BettingUITestsLaunchTests.swift */,
			);
			path = "Codex-BettingUITests";
			sourceTree = "<group>";
		};
/* End PBXGroup section */

/* Begin PBXNativeTarget section */
		57DE16CF27AE485C006C44DB /* Codex-Betting */ = {
			isa = PBXNativeTarget;
			buildConfigurationList = 57DE16F427AE485C006C44DB /* Build configuration list for PBXNativeTarget "Codex-Betting" */;
			buildPhases = (
				57DE16CC27AE485C006C44DB /* Sources */,
				57DE16CD27AE485C006C44DB /* Frameworks */,
				57DE16CE27AE485C006C44DB /* Resources */,
			);
			buildRules = (
			);
			dependencies = (
			);
			name = "Codex-Betting";
			packageProductDependencies = (
				579C6C7B282DDF8800C00422 /* FirebaseAuth */,
				579C6C7D282DDF8800C00422 /* FirebaseFirestore */,
				579C6C7F282DDF8800C00422 /* FirebaseFirestoreSwift */,
				579C6C84282DEFA800C00422 /* GoogleSignIn */,
				579646BE283065CA0059F828 /* Realm */,
				579646C0283065CA0059F828 /* RealmSwift */,
			);
			productName = "Codex-Betting";
			productReference = 57DE16D027AE485C006C44DB /* Codex-Betting.app */;
			productType = "com.apple.product-type.application";
		};
		57DE16DF27AE485C006C44DB /* Codex-BettingTests */ = {
			isa = PBXNativeTarget;
			buildConfigurationList = 57DE16F727AE485C006C44DB /* Build configuration list for PBXNativeTarget "Codex-BettingTests" */;
			buildPhases = (
				57DE16DC27AE485C006C44DB /* Sources */,
				57DE16DD27AE485C006C44DB /* Frameworks */,
				57DE16DE27AE485C006C44DB /* Resources */,
			);
			buildRules = (
			);
			dependencies = (
				57DE16E227AE485C006C44DB /* PBXTargetDependency */,
			);
			name = "Codex-BettingTests";
			productName = "Codex-BettingTests";
			productReference = 57DE16E027AE485C006C44DB /* Codex-BettingTests.xctest */;
			productType = "com.apple.product-type.bundle.unit-test";
		};
		57DE16E927AE485C006C44DB /* Codex-BettingUITests */ = {
			isa = PBXNativeTarget;
			buildConfigurationList = 57DE16FA27AE485C006C44DB /* Build configuration list for PBXNativeTarget "Codex-BettingUITests" */;
			buildPhases = (
				57DE16E627AE485C006C44DB /* Sources */,
				57DE16E727AE485C006C44DB /* Frameworks */,
				57DE16E827AE485C006C44DB /* Resources */,
			);
			buildRules = (
			);
			dependencies = (
				57DE16EC27AE485C006C44DB /* PBXTargetDependency */,
			);
			name = "Codex-BettingUITests";
			productName = "Codex-BettingUITests";
			productReference = 57DE16EA27AE485C006C44DB /* Codex-BettingUITests.xctest */;
			productType = "com.apple.product-type.bundle.ui-testing";
		};
/* End PBXNativeTarget section */

/* Begin PBXProject section */
		57DE16C827AE485C006C44DB /* Project object */ = {
			isa = PBXProject;
			attributes = {
				BuildIndependentTargetsInParallel = 1;
				LastSwiftUpdateCheck = 1320;
				LastUpgradeCheck = 1320;
				TargetAttributes = {
					57DE16CF27AE485C006C44DB = {
						CreatedOnToolsVersion = 13.2;
					};
					57DE16DF27AE485C006C44DB = {
						CreatedOnToolsVersion = 13.2;
						TestTargetID = 57DE16CF27AE485C006C44DB;
					};
					57DE16E927AE485C006C44DB = {
						CreatedOnToolsVersion = 13.2;
						TestTargetID = 57DE16CF27AE485C006C44DB;
					};
				};
			};
			buildConfigurationList = 57DE16CB27AE485C006C44DB /* Build configuration list for PBXProject "Codex-Betting" */;
			compatibilityVersion = "Xcode 9.3";
			developmentRegion = en;
			hasScannedForEncodings = 0;
			knownRegions = (
				en,
				Base,
			);
			mainGroup = 57DE16C727AE485C006C44DB;
			packageReferences = (
				579C6C7A282DDF8800C00422 /* XCRemoteSwiftPackageReference "firebase-ios-sdk" */,
				579C6C83282DEFA800C00422 /* XCRemoteSwiftPackageReference "GoogleSignIn-iOS" */,
				579646BD283065CA0059F828 /* XCRemoteSwiftPackageReference "realm-swift" */,
			);
			productRefGroup = 57DE16D127AE485C006C44DB /* Products */;
			projectDirPath = "";
			projectRoot = "";
			targets = (
				57DE16CF27AE485C006C44DB /* Codex-Betting */,
				57DE16DF27AE485C006C44DB /* Codex-BettingTests */,
				57DE16E927AE485C006C44DB /* Codex-BettingUITests */,
			);
		};
/* End PBXProject section */

/* Begin PBXResourcesBuildPhase section */
		57DE16CE27AE485C006C44DB /* Resources */ = {
			isa = PBXResourcesBuildPhase;
			buildActionMask = 2147483647;
			files = (
				57268B1427AF84060082ECF6 /* Launch Screen.storyboard in Resources */,
				579C6C79282DDDF600C00422 /* GoogleService-Info.plist in Resources */,
				57268B1C27AF8A4D0082ECF6 /* Grotesk-Bold.ttf in Resources */,
				57268B1B27AF8A4A0082ECF6 /* Grotesk-Regular.ttf in Resources */,
				57268B1A27AF8A470082ECF6 /* Grotesk-Light.ttf in Resources */,
				57DE16DB27AE485C006C44DB /* Preview Assets.xcassets in Resources */,
				57DE16D827AE485C006C44DB /* Assets.xcassets in Resources */,
				5742F56D27EC9EC0000A53DB /* CourseVideos.json in Resources */,
			);
			runOnlyForDeploymentPostprocessing = 0;
		};
		57DE16DE27AE485C006C44DB /* Resources */ = {
			isa = PBXResourcesBuildPhase;
			buildActionMask = 2147483647;
			files = (
			);
			runOnlyForDeploymentPostprocessing = 0;
		};
		57DE16E827AE485C006C44DB /* Resources */ = {
			isa = PBXResourcesBuildPhase;
			buildActionMask = 2147483647;
			files = (
			);
			runOnlyForDeploymentPostprocessing = 0;
		};
/* End PBXResourcesBuildPhase section */

/* Begin PBXSourcesBuildPhase section */
		57DE16CC27AE485C006C44DB /* Sources */ = {
			isa = PBXSourcesBuildPhase;
			buildActionMask = 2147483647;
			files = (
				572B279827EE1A5B00F8E66C /* RequirementsView.swift in Sources */,
				5742F56B27EC9A61000A53DB /* VideoCourseRepository.swift in Sources */,
				5709983327B16D0A00D8FCFB /* OptionCircle.swift in Sources */,
				579646CB2830BCC60059F828 /* MenuViewModel.swift in Sources */,
				57E8C3CD27BBE7DF0058A7FA /* NormalText.swift in Sources */,
				57268B1F27AF8C370082ECF6 /* HKGrotesk.swift in Sources */,
				5704561D27C0ADDB005E3CCB /* DatesInput.swift in Sources */,
				5742F56627EC9985000A53DB /* VideoCourseViewModel.swift in Sources */,
				5742F56427EC9965000A53DB /* LessonCardsViewModel.swift in Sources */,
				57803F7C280855FA00B17EE1 /* QuestionCardsViewModel.swift in Sources */,
				579646BC282F348C0059F828 /* CompleteLoaderView.swift in Sources */,
				57DE16D627AE485C006C44DB /* ContentView.swift in Sources */,
				57803F8E280A3CD500B17EE1 /* ForgetPasswordView.swift in Sources */,
				572746C127B0DF4100A3CF06 /* RecommendationView.swift in Sources */,
				57803F92280A755000B17EE1 /* MenuView.swift in Sources */,
				572746C327B0E07400A3CF06 /* LeadingTitle.swift in Sources */,
				5704561927C0A4F0005E3CCB /* UIApplication+ext.swift in Sources */,
				5773655127B4D23C00567244 /* DataService.swift in Sources */,
				57803F842809AFDE00B17EE1 /* QuestionDetail.swift in Sources */,
				572B278C27EDFC1700F8E66C /* VerifyBetSelectorView.swift in Sources */,
				57EC9C2327B227360083DD83 /* CustomTextField.swift in Sources */,
				5773654E27B4CD6E00567244 /* InformationCardViewModel.swift in Sources */,
				579C6C71282CB91A00C00422 /* ForgetPasswordViewModel.swift in Sources */,
				57268B1027AF80CB0082ECF6 /* Colors.swift in Sources */,
				5742F56827EC99E0000A53DB /* CourseVideoModel.swift in Sources */,
				5773654727B4CA3200567244 /* ImageConstants.swift in Sources */,
				576F42B127B235F50041E597 /* LayBetView.swift in Sources */,
				572B279427EE031400F8E66C /* VerifyBetViewModel.swift in Sources */,
				57803F722807A51900B17EE1 /* OddsConverterViewModel.swift in Sources */,
				579C6C77282CC4A800C00422 /* LegalView.swift in Sources */,
				572746B227B0D69E00A3CF06 /* ToolsView.swift in Sources */,
				571F99A227C34D0100F271C3 /* ContinueButton.swift in Sources */,
				57803F762807D80E00B17EE1 /* OpenVerifyBetButton.swift in Sources */,
				5719B5AC27F90A970021237E /* MatchedBettingCalculatorViewModel.swift in Sources */,
				572B279227EDFF4B00F8E66C /* VerifyBetOptionsViewModel.swift in Sources */,
				570F703E27F40B2D0016EDB9 /* WhatsappUtils.swift in Sources */,
				579646D1283171A90059F828 /* UserNetwork.swift in Sources */,
				5704561B27C0A971005E3CCB /* OddsInput.swift in Sources */,
				57B290A727BCBF6E008DBBDC /* RecommendationViewModel.swift in Sources */,
				57803F7A2808555700B17EE1 /* AllQuestionCardsView.swift in Sources */,
				57803F82280858EC00B17EE1 /* QuestionCardView.swift in Sources */,
				5719B5B427F9119B0021237E /* CalculatorOptionView.swift in Sources */,
				570F704027F415F00016EDB9 /* Date+ext.swift in Sources */,
				5773654A27B4CA8300567244 /* MainViewModel.swift in Sources */,
				57268B2527AF90CE0082ECF6 /* InformationCardView.swift in Sources */,
				57803F9A280A7B7000B17EE1 /* MenuManager.swift in Sources */,
				57268B2927AF971A0082ECF6 /* InformationCards.swift in Sources */,
				5776DBC127C5E0E2001A3419 /* CustomerServiceManager.swift in Sources */,
				572746BD27B0DD6E00A3CF06 /* CircleWithNumber.swift in Sources */,
				5773655627B4D3F700567244 /* TextConstants.swift in Sources */,
				57803F7028033C3600B17EE1 /* Double+ext.swift in Sources */,
				5719B5B027F90FD50021237E /* CalculatorSelectorView.swift in Sources */,
				5719B5B227F9100C0021237E /* CalculatorSelection.swift in Sources */,
				5742F57327ECA0DF000A53DB /* VideoView.swift in Sources */,
				57E8C3C927B8D64F0058A7FA /* CodexToolBar.swift in Sources */,
				5704561F27C0AF43005E3CCB /* MatchedBettingGameFormHeader.swift in Sources */,
				5773653E27B4756D00567244 /* BreakdownView.swift in Sources */,
				5709983127B16BEE00D8FCFB /* MatchBettingGameOption.swift in Sources */,
				572B278E27EDFC5E00F8E66C /* VerifySelectionController.swift in Sources */,
				57F132A527B3890400146A63 /* LayStakeRequiredView.swift in Sources */,
				57EC9C1F27B220930083DD83 /* Checkbox.swift in Sources */,
				579646C42830AC3F0059F828 /* UserDatabaseModel.swift in Sources */,
				57EC9C2127B2253E0083DD83 /* VerifyBetOptionsView.swift in Sources */,
				579646B6282F2F040059F828 /* UserSession.swift in Sources */,
				579646C62830AD6C0059F828 /* UserDatabase.swift in Sources */,
				57803F742807B9D100B17EE1 /* AmericanOddType.swift in Sources */,
				5719B5B827FA51D80021237E /* String+ext.swift in Sources */,
				57803F862809B22A00B17EE1 /* LogInView.swift in Sources */,
				57B290A927BCC231008DBBDC /* MatchedBettingGameFormViewModel.swift in Sources */,
				57268B2227AF8FCC0082ECF6 /* MainView.swift in Sources */,
				57EC9C2727B2339A0083DD83 /* BackBetView.swift in Sources */,
				579646B1282F25CA0059F828 /* UserRepository.swift in Sources */,
				579646C92830B2530059F828 /* UserModelAdapter.swift in Sources */,
				57EC9C2527B230A40083DD83 /* MatchedBettingCalculatorView.swift in Sources */,
				5796577827B0E6020084ADDA /* CloseButton.swift in Sources */,
				572B279A27EE21D800F8E66C /* SuccessAlertView.swift in Sources */,
				579646B8282F32A20059F828 /* RootViewModel.swift in Sources */,
				57803F96280A7AF900B17EE1 /* RootView.swift in Sources */,
				572746CA27B0E53C00A3CF06 /* MatchedBettingGameForm.swift in Sources */,
				571F997927C2018800F271C3 /* BackgroundContent.swift in Sources */,
				572B279027EDFD3F00F8E66C /* VerifyBetOptionView.swift in Sources */,
				5709982F27B16BB700D8FCFB /* MultiOptionSelectorView.swift in Sources */,
				57803F80280856EC00B17EE1 /* QuestionViewModel.swift in Sources */,
				5773654C27B4CBF400567244 /* InformationCardsViewModel.swift in Sources */,
				5773655427B4D25E00567244 /* InformationCardModel.swift in Sources */,
				57803F8C280A39C000B17EE1 /* GoogleButton.swift in Sources */,
				57803F7E2808564800B17EE1 /* QuestionModel.swift in Sources */,
				578B104A27ED36560093DA26 /* BackButtonView.swift in Sources */,
				579646B4282F2ED20059F828 /* GlobalState.swift in Sources */,
				57803F8A280A2ED100B17EE1 /* UnderlinedButton.swift in Sources */,
				572B279627EE03CF00F8E66C /* RequirementViewModel.swift in Sources */,
				57B49BE82814F645006C325D /* TestTextField.swift in Sources */,
				57B290A527BCBB8D008DBBDC /* RecommendationListViewModel.swift in Sources */,
				5704562227C0B233005E3CCB /* MatchSelectionController.swift in Sources */,
				5704561327C0A205005E3CCB /* CodexTextField.swift in Sources */,
				5742F57127EC9F90000A53DB /* VideoDetailView.swift in Sources */,
				579C6C6F282C842600C00422 /* LogInViewModel.swift in Sources */,
				572746B427B0D85B00A3CF06 /* ToolsCards.swift in Sources */,
				5773655827B4DA8A00567244 /* URLConstants.swift in Sources */,
				579C6C82282DE0D800C00422 /* AuthManager.swift in Sources */,
				57803F90280A745500B17EE1 /* MenuButton.swift in Sources */,
				57F132A127B3825200146A63 /* OddsConverterView.swift in Sources */,
				57EC9C1B27B21F2D0083DD83 /* VerifyBetView.swift in Sources */,
				57803F782808530200B17EE1 /* QuestionsView.swift in Sources */,
				572746BF27B0DE7300A3CF06 /* LessonCards.swift in Sources */,
				5796577A27B0E82A0084ADDA /* LockFeatureView.swift in Sources */,
				572746B627B0D9A600A3CF06 /* CourseVideoCardView.swift in Sources */,
				579646CE28316F790059F828 /* UserModel.swift in Sources */,
				572746C527B0E31600A3CF06 /* LeadingText.swift in Sources */,
				57DE16D427AE485C006C44DB /* Codex_BettingApp.swift in Sources */,
				57803F94280A779F00B17EE1 /* MenuOptionView.swift in Sources */,
				57BF88FD27F170B200745719 /* MatchRequestsManager.swift in Sources */,
				57E8C3CB27B8DFE20058A7FA /* ToolCardsViewModel.swift in Sources */,
				5773654227B47AE600567244 /* BreakdownResultRow.swift in Sources */,
				578B104C27ED377E0093DA26 /* FootnoteView.swift in Sources */,
				57F132A327B385F300146A63 /* AmericanOddPicker.swift in Sources */,
				579C6C73282CBC7B00C00422 /* RegisterViewModel.swift in Sources */,
				572746B827B0DBC300A3CF06 /* LessonsView.swift in Sources */,
				57803F88280A2B3300B17EE1 /* RegisterView.swift in Sources */,
				57D2FB6827B423DF0023B359 /* LiabilityView.swift in Sources */,
				572746C827B0E46300A3CF06 /* RecommendationList.swift in Sources */,
				5773654427B47DE600567244 /* ResultView.swift in Sources */,
				57268B2727AF91A90082ECF6 /* CustomDivider.swift in Sources */,
				5773654027B477FC00567244 /* BreakdownRow.swift in Sources */,
				57EC9C1D27B21FD60083DD83 /* RequirementWithCheckboxView.swift in Sources */,
				5719B5B627F9161E0021237E /* CalculatorBrain.swift in Sources */,
				57D2FB6A27B4254A0023B359 /* CopyToClipboardButton.swift in Sources */,
			);
			runOnlyForDeploymentPostprocessing = 0;
		};
		57DE16DC27AE485C006C44DB /* Sources */ = {
			isa = PBXSourcesBuildPhase;
			buildActionMask = 2147483647;
			files = (
				57DE16E527AE485C006C44DB /* Codex_BettingTests.swift in Sources */,
			);
			runOnlyForDeploymentPostprocessing = 0;
		};
		57DE16E627AE485C006C44DB /* Sources */ = {
			isa = PBXSourcesBuildPhase;
			buildActionMask = 2147483647;
			files = (
				57DE16F127AE485C006C44DB /* Codex_BettingUITestsLaunchTests.swift in Sources */,
				57DE16EF27AE485C006C44DB /* Codex_BettingUITests.swift in Sources */,
			);
			runOnlyForDeploymentPostprocessing = 0;
		};
/* End PBXSourcesBuildPhase section */

/* Begin PBXTargetDependency section */
		57DE16E227AE485C006C44DB /* PBXTargetDependency */ = {
			isa = PBXTargetDependency;
			target = 57DE16CF27AE485C006C44DB /* Codex-Betting */;
			targetProxy = 57DE16E127AE485C006C44DB /* PBXContainerItemProxy */;
		};
		57DE16EC27AE485C006C44DB /* PBXTargetDependency */ = {
			isa = PBXTargetDependency;
			target = 57DE16CF27AE485C006C44DB /* Codex-Betting */;
			targetProxy = 57DE16EB27AE485C006C44DB /* PBXContainerItemProxy */;
		};
/* End PBXTargetDependency section */

/* Begin XCBuildConfiguration section */
		57DE16F227AE485C006C44DB /* Debug */ = {
			isa = XCBuildConfiguration;
			buildSettings = {
				ALWAYS_SEARCH_USER_PATHS = NO;
				CLANG_ANALYZER_NONNULL = YES;
				CLANG_ANALYZER_NUMBER_OBJECT_CONVERSION = YES_AGGRESSIVE;
				CLANG_CXX_LANGUAGE_STANDARD = "gnu++17";
				CLANG_CXX_LIBRARY = "libc++";
				CLANG_ENABLE_MODULES = YES;
				CLANG_ENABLE_OBJC_ARC = YES;
				CLANG_ENABLE_OBJC_WEAK = YES;
				CLANG_WARN_BLOCK_CAPTURE_AUTORELEASING = YES;
				CLANG_WARN_BOOL_CONVERSION = YES;
				CLANG_WARN_COMMA = YES;
				CLANG_WARN_CONSTANT_CONVERSION = YES;
				CLANG_WARN_DEPRECATED_OBJC_IMPLEMENTATIONS = YES;
				CLANG_WARN_DIRECT_OBJC_ISA_USAGE = YES_ERROR;
				CLANG_WARN_DOCUMENTATION_COMMENTS = YES;
				CLANG_WARN_EMPTY_BODY = YES;
				CLANG_WARN_ENUM_CONVERSION = YES;
				CLANG_WARN_INFINITE_RECURSION = YES;
				CLANG_WARN_INT_CONVERSION = YES;
				CLANG_WARN_NON_LITERAL_NULL_CONVERSION = YES;
				CLANG_WARN_OBJC_IMPLICIT_RETAIN_SELF = YES;
				CLANG_WARN_OBJC_LITERAL_CONVERSION = YES;
				CLANG_WARN_OBJC_ROOT_CLASS = YES_ERROR;
				CLANG_WARN_QUOTED_INCLUDE_IN_FRAMEWORK_HEADER = YES;
				CLANG_WARN_RANGE_LOOP_ANALYSIS = YES;
				CLANG_WARN_STRICT_PROTOTYPES = YES;
				CLANG_WARN_SUSPICIOUS_MOVE = YES;
				CLANG_WARN_UNGUARDED_AVAILABILITY = YES_AGGRESSIVE;
				CLANG_WARN_UNREACHABLE_CODE = YES;
				CLANG_WARN__DUPLICATE_METHOD_MATCH = YES;
				COPY_PHASE_STRIP = NO;
				DEBUG_INFORMATION_FORMAT = dwarf;
				ENABLE_STRICT_OBJC_MSGSEND = YES;
				ENABLE_TESTABILITY = YES;
				GCC_C_LANGUAGE_STANDARD = gnu11;
				GCC_DYNAMIC_NO_PIC = NO;
				GCC_NO_COMMON_BLOCKS = YES;
				GCC_OPTIMIZATION_LEVEL = 0;
				GCC_PREPROCESSOR_DEFINITIONS = (
					"DEBUG=1",
					"$(inherited)",
				);
				GCC_WARN_64_TO_32_BIT_CONVERSION = YES;
				GCC_WARN_ABOUT_RETURN_TYPE = YES_ERROR;
				GCC_WARN_UNDECLARED_SELECTOR = YES;
				GCC_WARN_UNINITIALIZED_AUTOS = YES_AGGRESSIVE;
				GCC_WARN_UNUSED_FUNCTION = YES;
				GCC_WARN_UNUSED_VARIABLE = YES;
				IPHONEOS_DEPLOYMENT_TARGET = 14.0;
				MTL_ENABLE_DEBUG_INFO = INCLUDE_SOURCE;
				MTL_FAST_MATH = YES;
				ONLY_ACTIVE_ARCH = YES;
				SDKROOT = iphoneos;
				SWIFT_ACTIVE_COMPILATION_CONDITIONS = DEBUG;
				SWIFT_OPTIMIZATION_LEVEL = "-Onone";
			};
			name = Debug;
		};
		57DE16F327AE485C006C44DB /* Release */ = {
			isa = XCBuildConfiguration;
			buildSettings = {
				ALWAYS_SEARCH_USER_PATHS = NO;
				CLANG_ANALYZER_NONNULL = YES;
				CLANG_ANALYZER_NUMBER_OBJECT_CONVERSION = YES_AGGRESSIVE;
				CLANG_CXX_LANGUAGE_STANDARD = "gnu++17";
				CLANG_CXX_LIBRARY = "libc++";
				CLANG_ENABLE_MODULES = YES;
				CLANG_ENABLE_OBJC_ARC = YES;
				CLANG_ENABLE_OBJC_WEAK = YES;
				CLANG_WARN_BLOCK_CAPTURE_AUTORELEASING = YES;
				CLANG_WARN_BOOL_CONVERSION = YES;
				CLANG_WARN_COMMA = YES;
				CLANG_WARN_CONSTANT_CONVERSION = YES;
				CLANG_WARN_DEPRECATED_OBJC_IMPLEMENTATIONS = YES;
				CLANG_WARN_DIRECT_OBJC_ISA_USAGE = YES_ERROR;
				CLANG_WARN_DOCUMENTATION_COMMENTS = YES;
				CLANG_WARN_EMPTY_BODY = YES;
				CLANG_WARN_ENUM_CONVERSION = YES;
				CLANG_WARN_INFINITE_RECURSION = YES;
				CLANG_WARN_INT_CONVERSION = YES;
				CLANG_WARN_NON_LITERAL_NULL_CONVERSION = YES;
				CLANG_WARN_OBJC_IMPLICIT_RETAIN_SELF = YES;
				CLANG_WARN_OBJC_LITERAL_CONVERSION = YES;
				CLANG_WARN_OBJC_ROOT_CLASS = YES_ERROR;
				CLANG_WARN_QUOTED_INCLUDE_IN_FRAMEWORK_HEADER = YES;
				CLANG_WARN_RANGE_LOOP_ANALYSIS = YES;
				CLANG_WARN_STRICT_PROTOTYPES = YES;
				CLANG_WARN_SUSPICIOUS_MOVE = YES;
				CLANG_WARN_UNGUARDED_AVAILABILITY = YES_AGGRESSIVE;
				CLANG_WARN_UNREACHABLE_CODE = YES;
				CLANG_WARN__DUPLICATE_METHOD_MATCH = YES;
				COPY_PHASE_STRIP = NO;
				DEBUG_INFORMATION_FORMAT = "dwarf-with-dsym";
				ENABLE_NS_ASSERTIONS = NO;
				ENABLE_STRICT_OBJC_MSGSEND = YES;
				GCC_C_LANGUAGE_STANDARD = gnu11;
				GCC_NO_COMMON_BLOCKS = YES;
				GCC_WARN_64_TO_32_BIT_CONVERSION = YES;
				GCC_WARN_ABOUT_RETURN_TYPE = YES_ERROR;
				GCC_WARN_UNDECLARED_SELECTOR = YES;
				GCC_WARN_UNINITIALIZED_AUTOS = YES_AGGRESSIVE;
				GCC_WARN_UNUSED_FUNCTION = YES;
				GCC_WARN_UNUSED_VARIABLE = YES;
				IPHONEOS_DEPLOYMENT_TARGET = 14.0;
				MTL_ENABLE_DEBUG_INFO = NO;
				MTL_FAST_MATH = YES;
				SDKROOT = iphoneos;
				SWIFT_COMPILATION_MODE = wholemodule;
				SWIFT_OPTIMIZATION_LEVEL = "-O";
				VALIDATE_PRODUCT = YES;
			};
			name = Release;
		};
		57DE16F527AE485C006C44DB /* Debug */ = {
			isa = XCBuildConfiguration;
			buildSettings = {
				ASSETCATALOG_COMPILER_APPICON_NAME = AppIcon;
				ASSETCATALOG_COMPILER_GLOBAL_ACCENT_COLOR_NAME = AccentColor;
				CODE_SIGN_STYLE = Automatic;
				CURRENT_PROJECT_VERSION = 1;
				DEVELOPMENT_ASSET_PATHS = "\"Codex-Betting/Preview Content\"";
				DEVELOPMENT_TEAM = BJYRRMLA6N;
				ENABLE_PREVIEWS = YES;
				GENERATE_INFOPLIST_FILE = YES;
				INFOPLIST_FILE = "Codex-Betting/Info.plist";
				INFOPLIST_KEY_UIApplicationSceneManifest_Generation = YES;
				INFOPLIST_KEY_UIApplicationSupportsIndirectInputEvents = YES;
				INFOPLIST_KEY_UILaunchScreen_Generation = YES;
				INFOPLIST_KEY_UILaunchStoryboardName = "Launch Screen";
				INFOPLIST_KEY_UISupportedInterfaceOrientations = UIInterfaceOrientationPortrait;
				INFOPLIST_KEY_UISupportedInterfaceOrientations_iPad = "UIInterfaceOrientationPortrait UIInterfaceOrientationPortraitUpsideDown UIInterfaceOrientationLandscapeLeft UIInterfaceOrientationLandscapeRight";
				INFOPLIST_KEY_UISupportedInterfaceOrientations_iPhone = "UIInterfaceOrientationPortrait UIInterfaceOrientationLandscapeLeft UIInterfaceOrientationLandscapeRight";
				LD_RUNPATH_SEARCH_PATHS = (
					"$(inherited)",
					"@executable_path/Frameworks",
				);
				MARKETING_VERSION = 1.0;
				PRODUCT_BUNDLE_IDENTIFIER = "Codex-betting.Codex-Betting";
				PRODUCT_NAME = "$(TARGET_NAME)";
				SWIFT_EMIT_LOC_STRINGS = YES;
				SWIFT_VERSION = 5.0;
				TARGETED_DEVICE_FAMILY = 1;
			};
			name = Debug;
		};
		57DE16F627AE485C006C44DB /* Release */ = {
			isa = XCBuildConfiguration;
			buildSettings = {
				ASSETCATALOG_COMPILER_APPICON_NAME = AppIcon;
				ASSETCATALOG_COMPILER_GLOBAL_ACCENT_COLOR_NAME = AccentColor;
				CODE_SIGN_STYLE = Automatic;
				CURRENT_PROJECT_VERSION = 1;
				DEVELOPMENT_ASSET_PATHS = "\"Codex-Betting/Preview Content\"";
				DEVELOPMENT_TEAM = BJYRRMLA6N;
				ENABLE_PREVIEWS = YES;
				GENERATE_INFOPLIST_FILE = YES;
				INFOPLIST_FILE = "Codex-Betting/Info.plist";
				INFOPLIST_KEY_UIApplicationSceneManifest_Generation = YES;
				INFOPLIST_KEY_UIApplicationSupportsIndirectInputEvents = YES;
				INFOPLIST_KEY_UILaunchScreen_Generation = YES;
				INFOPLIST_KEY_UILaunchStoryboardName = "Launch Screen";
				INFOPLIST_KEY_UISupportedInterfaceOrientations = UIInterfaceOrientationPortrait;
				INFOPLIST_KEY_UISupportedInterfaceOrientations_iPad = "UIInterfaceOrientationPortrait UIInterfaceOrientationPortraitUpsideDown UIInterfaceOrientationLandscapeLeft UIInterfaceOrientationLandscapeRight";
				INFOPLIST_KEY_UISupportedInterfaceOrientations_iPhone = "UIInterfaceOrientationPortrait UIInterfaceOrientationLandscapeLeft UIInterfaceOrientationLandscapeRight";
				LD_RUNPATH_SEARCH_PATHS = (
					"$(inherited)",
					"@executable_path/Frameworks",
				);
				MARKETING_VERSION = 1.0;
				PRODUCT_BUNDLE_IDENTIFIER = "Codex-betting.Codex-Betting";
				PRODUCT_NAME = "$(TARGET_NAME)";
				SWIFT_EMIT_LOC_STRINGS = YES;
				SWIFT_VERSION = 5.0;
				TARGETED_DEVICE_FAMILY = 1;
			};
			name = Release;
		};
		57DE16F827AE485C006C44DB /* Debug */ = {
			isa = XCBuildConfiguration;
			buildSettings = {
				ALWAYS_EMBED_SWIFT_STANDARD_LIBRARIES = YES;
				BUNDLE_LOADER = "$(TEST_HOST)";
				CODE_SIGN_STYLE = Automatic;
				CURRENT_PROJECT_VERSION = 1;
				DEVELOPMENT_TEAM = BJYRRMLA6N;
				GENERATE_INFOPLIST_FILE = YES;
				IPHONEOS_DEPLOYMENT_TARGET = 15.2;
				MARKETING_VERSION = 1.0;
				PRODUCT_BUNDLE_IDENTIFIER = "Codex-betting.Codex-BettingTests";
				PRODUCT_NAME = "$(TARGET_NAME)";
				SWIFT_EMIT_LOC_STRINGS = NO;
				SWIFT_VERSION = 5.0;
				TARGETED_DEVICE_FAMILY = "1,2";
				TEST_HOST = "$(BUILT_PRODUCTS_DIR)/Codex-Betting.app/Codex-Betting";
			};
			name = Debug;
		};
		57DE16F927AE485C006C44DB /* Release */ = {
			isa = XCBuildConfiguration;
			buildSettings = {
				ALWAYS_EMBED_SWIFT_STANDARD_LIBRARIES = YES;
				BUNDLE_LOADER = "$(TEST_HOST)";
				CODE_SIGN_STYLE = Automatic;
				CURRENT_PROJECT_VERSION = 1;
				DEVELOPMENT_TEAM = BJYRRMLA6N;
				GENERATE_INFOPLIST_FILE = YES;
				IPHONEOS_DEPLOYMENT_TARGET = 15.2;
				MARKETING_VERSION = 1.0;
				PRODUCT_BUNDLE_IDENTIFIER = "Codex-betting.Codex-BettingTests";
				PRODUCT_NAME = "$(TARGET_NAME)";
				SWIFT_EMIT_LOC_STRINGS = NO;
				SWIFT_VERSION = 5.0;
				TARGETED_DEVICE_FAMILY = "1,2";
				TEST_HOST = "$(BUILT_PRODUCTS_DIR)/Codex-Betting.app/Codex-Betting";
			};
			name = Release;
		};
		57DE16FB27AE485C006C44DB /* Debug */ = {
			isa = XCBuildConfiguration;
			buildSettings = {
				ALWAYS_EMBED_SWIFT_STANDARD_LIBRARIES = YES;
				CODE_SIGN_STYLE = Automatic;
				CURRENT_PROJECT_VERSION = 1;
				DEVELOPMENT_TEAM = BJYRRMLA6N;
				GENERATE_INFOPLIST_FILE = YES;
				MARKETING_VERSION = 1.0;
				PRODUCT_BUNDLE_IDENTIFIER = "Codex-betting.Codex-BettingUITests";
				PRODUCT_NAME = "$(TARGET_NAME)";
				SWIFT_EMIT_LOC_STRINGS = NO;
				SWIFT_VERSION = 5.0;
				TARGETED_DEVICE_FAMILY = "1,2";
				TEST_TARGET_NAME = "Codex-Betting";
			};
			name = Debug;
		};
		57DE16FC27AE485C006C44DB /* Release */ = {
			isa = XCBuildConfiguration;
			buildSettings = {
				ALWAYS_EMBED_SWIFT_STANDARD_LIBRARIES = YES;
				CODE_SIGN_STYLE = Automatic;
				CURRENT_PROJECT_VERSION = 1;
				DEVELOPMENT_TEAM = BJYRRMLA6N;
				GENERATE_INFOPLIST_FILE = YES;
				MARKETING_VERSION = 1.0;
				PRODUCT_BUNDLE_IDENTIFIER = "Codex-betting.Codex-BettingUITests";
				PRODUCT_NAME = "$(TARGET_NAME)";
				SWIFT_EMIT_LOC_STRINGS = NO;
				SWIFT_VERSION = 5.0;
				TARGETED_DEVICE_FAMILY = "1,2";
				TEST_TARGET_NAME = "Codex-Betting";
			};
			name = Release;
		};
/* End XCBuildConfiguration section */

/* Begin XCConfigurationList section */
		57DE16CB27AE485C006C44DB /* Build configuration list for PBXProject "Codex-Betting" */ = {
			isa = XCConfigurationList;
			buildConfigurations = (
				57DE16F227AE485C006C44DB /* Debug */,
				57DE16F327AE485C006C44DB /* Release */,
			);
			defaultConfigurationIsVisible = 0;
			defaultConfigurationName = Release;
		};
		57DE16F427AE485C006C44DB /* Build configuration list for PBXNativeTarget "Codex-Betting" */ = {
			isa = XCConfigurationList;
			buildConfigurations = (
				57DE16F527AE485C006C44DB /* Debug */,
				57DE16F627AE485C006C44DB /* Release */,
			);
			defaultConfigurationIsVisible = 0;
			defaultConfigurationName = Release;
		};
		57DE16F727AE485C006C44DB /* Build configuration list for PBXNativeTarget "Codex-BettingTests" */ = {
			isa = XCConfigurationList;
			buildConfigurations = (
				57DE16F827AE485C006C44DB /* Debug */,
				57DE16F927AE485C006C44DB /* Release */,
			);
			defaultConfigurationIsVisible = 0;
			defaultConfigurationName = Release;
		};
		57DE16FA27AE485C006C44DB /* Build configuration list for PBXNativeTarget "Codex-BettingUITests" */ = {
			isa = XCConfigurationList;
			buildConfigurations = (
				57DE16FB27AE485C006C44DB /* Debug */,
				57DE16FC27AE485C006C44DB /* Release */,
			);
			defaultConfigurationIsVisible = 0;
			defaultConfigurationName = Release;
		};
/* End XCConfigurationList section */

/* Begin XCRemoteSwiftPackageReference section */
		579646BD283065CA0059F828 /* XCRemoteSwiftPackageReference "realm-swift" */ = {
			isa = XCRemoteSwiftPackageReference;
			repositoryURL = "git@github.com:realm/realm-swift.git";
			requirement = {
				kind = upToNextMajorVersion;
				minimumVersion = 10.19.0;
			};
		};
		579C6C7A282DDF8800C00422 /* XCRemoteSwiftPackageReference "firebase-ios-sdk" */ = {
			isa = XCRemoteSwiftPackageReference;
			repositoryURL = "https://github.com/firebase/firebase-ios-sdk";
			requirement = {
				kind = upToNextMajorVersion;
				minimumVersion = 9.0.0;
			};
		};
		579C6C83282DEFA800C00422 /* XCRemoteSwiftPackageReference "GoogleSignIn-iOS" */ = {
			isa = XCRemoteSwiftPackageReference;
			repositoryURL = "https://github.com/google/GoogleSignIn-iOS.git";
			requirement = {
				kind = upToNextMajorVersion;
				minimumVersion = 6.0.0;
			};
		};
/* End XCRemoteSwiftPackageReference section */

/* Begin XCSwiftPackageProductDependency section */
		579646BE283065CA0059F828 /* Realm */ = {
			isa = XCSwiftPackageProductDependency;
			package = 579646BD283065CA0059F828 /* XCRemoteSwiftPackageReference "realm-swift" */;
			productName = Realm;
		};
		579646C0283065CA0059F828 /* RealmSwift */ = {
			isa = XCSwiftPackageProductDependency;
			package = 579646BD283065CA0059F828 /* XCRemoteSwiftPackageReference "realm-swift" */;
			productName = RealmSwift;
		};
		579C6C7B282DDF8800C00422 /* FirebaseAuth */ = {
			isa = XCSwiftPackageProductDependency;
			package = 579C6C7A282DDF8800C00422 /* XCRemoteSwiftPackageReference "firebase-ios-sdk" */;
			productName = FirebaseAuth;
		};
		579C6C7D282DDF8800C00422 /* FirebaseFirestore */ = {
			isa = XCSwiftPackageProductDependency;
			package = 579C6C7A282DDF8800C00422 /* XCRemoteSwiftPackageReference "firebase-ios-sdk" */;
			productName = FirebaseFirestore;
		};
		579C6C7F282DDF8800C00422 /* FirebaseFirestoreSwift */ = {
			isa = XCSwiftPackageProductDependency;
			package = 579C6C7A282DDF8800C00422 /* XCRemoteSwiftPackageReference "firebase-ios-sdk" */;
			productName = FirebaseFirestoreSwift;
		};
		579C6C84282DEFA800C00422 /* GoogleSignIn */ = {
			isa = XCSwiftPackageProductDependency;
			package = 579C6C83282DEFA800C00422 /* XCRemoteSwiftPackageReference "GoogleSignIn-iOS" */;
			productName = GoogleSignIn;
		};
/* End XCSwiftPackageProductDependency section */
	};
	rootObject = 57DE16C827AE485C006C44DB /* Project object */;
}
